// !$*UTF8*$!
{
	archiveVersion = 1;
	classes = {
	};
	objectVersion = 51;
	objects = {

/* Begin PBXBuildFile section */
		3C23DA5E44E2C1EEC38E5A76 /* Pods_TodoList.framework in Frameworks */ = {isa = PBXBuildFile; fileRef = 2B7698709CD14E22956A5729 /* Pods_TodoList.framework */; };
		3DB22C4125DCCC3300DCE33A /* TodoListTests.swift in Sources */ = {isa = PBXBuildFile; fileRef = 3DB22C4025DCCC3300DCE33A /* TodoListTests.swift */; };
		3DB22C6625DCCF1800DCE33A /* TodoList.xcdatamodeld in Sources */ = {isa = PBXBuildFile; fileRef = 3DB22C6425DCCF1800DCE33A /* TodoList.xcdatamodeld */; };
		3DB454B624DAA15D00F0D613 /* AppDelegate.swift in Sources */ = {isa = PBXBuildFile; fileRef = 3DB454B524DAA15D00F0D613 /* AppDelegate.swift */; };
		3DB454B824DAA15D00F0D613 /* ViewController.swift in Sources */ = {isa = PBXBuildFile; fileRef = 3DB454B724DAA15D00F0D613 /* ViewController.swift */; };
		3DB454BB24DAA15D00F0D613 /* Main.storyboard in Resources */ = {isa = PBXBuildFile; fileRef = 3DB454B924DAA15D00F0D613 /* Main.storyboard */; };
		3DB454BD24DAA15F00F0D613 /* Assets.xcassets in Resources */ = {isa = PBXBuildFile; fileRef = 3DB454BC24DAA15F00F0D613 /* Assets.xcassets */; };
		3DB454C024DAA15F00F0D613 /* LaunchScreen.storyboard in Resources */ = {isa = PBXBuildFile; fileRef = 3DB454BE24DAA15F00F0D613 /* LaunchScreen.storyboard */; };
		E1EE25C496FCDC27F72761A1 /* libPods-TodoListTests.a in Frameworks */ = {isa = PBXBuildFile; fileRef = 700B1F95F41A73D24CD60220 /* libPods-TodoListTests.a */; };
/* End PBXBuildFile section */

/* Begin PBXContainerItemProxy section */
		3DB22C4325DCCC3300DCE33A /* PBXContainerItemProxy */ = {
			isa = PBXContainerItemProxy;
			containerPortal = 3DB454AA24DAA15D00F0D613 /* Project object */;
			proxyType = 1;
			remoteGlobalIDString = 3DB454B124DAA15D00F0D613;
			remoteInfo = TodoList;
		};
/* End PBXContainerItemProxy section */

/* Begin PBXFileReference section */
		2B7698709CD14E22956A5729 /* Pods_TodoList.framework */ = {isa = PBXFileReference; explicitFileType = wrapper.framework; includeInIndex = 0; path = Pods_TodoList.framework; sourceTree = BUILT_PRODUCTS_DIR; };
		3DB22C3E25DCCC3300DCE33A /* TodoListTests.xctest */ = {isa = PBXFileReference; explicitFileType = wrapper.cfbundle; includeInIndex = 0; path = TodoListTests.xctest; sourceTree = BUILT_PRODUCTS_DIR; };
		3DB22C4025DCCC3300DCE33A /* TodoListTests.swift */ = {isa = PBXFileReference; lastKnownFileType = sourcecode.swift; path = TodoListTests.swift; sourceTree = "<group>"; };
		3DB22C4225DCCC3300DCE33A /* Info.plist */ = {isa = PBXFileReference; lastKnownFileType = text.plist.xml; path = Info.plist; sourceTree = "<group>"; };
		3DB22C6525DCCF1800DCE33A /* TodoList.xcdatamodel */ = {isa = PBXFileReference; lastKnownFileType = wrapper.xcdatamodel; path = TodoList.xcdatamodel; sourceTree = "<group>"; };
		3DB454B224DAA15D00F0D613 /* TodoList.app */ = {isa = PBXFileReference; explicitFileType = wrapper.application; includeInIndex = 0; path = TodoList.app; sourceTree = BUILT_PRODUCTS_DIR; };
		3DB454B524DAA15D00F0D613 /* AppDelegate.swift */ = {isa = PBXFileReference; lastKnownFileType = sourcecode.swift; path = AppDelegate.swift; sourceTree = "<group>"; };
		3DB454B724DAA15D00F0D613 /* ViewController.swift */ = {isa = PBXFileReference; lastKnownFileType = sourcecode.swift; path = ViewController.swift; sourceTree = "<group>"; };
		3DB454BA24DAA15D00F0D613 /* Base */ = {isa = PBXFileReference; lastKnownFileType = file.storyboard; name = Base; path = Base.lproj/Main.storyboard; sourceTree = "<group>"; };
		3DB454BC24DAA15F00F0D613 /* Assets.xcassets */ = {isa = PBXFileReference; lastKnownFileType = folder.assetcatalog; path = Assets.xcassets; sourceTree = "<group>"; };
		3DB454BF24DAA15F00F0D613 /* Base */ = {isa = PBXFileReference; lastKnownFileType = file.storyboard; name = Base; path = Base.lproj/LaunchScreen.storyboard; sourceTree = "<group>"; };
		3DB454C124DAA15F00F0D613 /* Info.plist */ = {isa = PBXFileReference; lastKnownFileType = text.plist.xml; path = Info.plist; sourceTree = "<group>"; };
		4934935810E54AC61EE96CEE /* Pods-TodoListTests.debug.xcconfig */ = {isa = PBXFileReference; includeInIndex = 1; lastKnownFileType = text.xcconfig; name = "Pods-TodoListTests.debug.xcconfig"; path = "Target Support Files/Pods-TodoListTests/Pods-TodoListTests.debug.xcconfig"; sourceTree = "<group>"; };
		5A4F46F7DE07798C17266EE0 /* Pods-TodoList.release.xcconfig */ = {isa = PBXFileReference; includeInIndex = 1; lastKnownFileType = text.xcconfig; name = "Pods-TodoList.release.xcconfig"; path = "Target Support Files/Pods-TodoList/Pods-TodoList.release.xcconfig"; sourceTree = "<group>"; };
		700B1F95F41A73D24CD60220 /* libPods-TodoListTests.a */ = {isa = PBXFileReference; explicitFileType = archive.ar; includeInIndex = 0; path = "libPods-TodoListTests.a"; sourceTree = BUILT_PRODUCTS_DIR; };
		7404A5E5092E542B5462F2D2 /* Pods-TodoListTests.release.xcconfig */ = {isa = PBXFileReference; includeInIndex = 1; lastKnownFileType = text.xcconfig; name = "Pods-TodoListTests.release.xcconfig"; path = "Target Support Files/Pods-TodoListTests/Pods-TodoListTests.release.xcconfig"; sourceTree = "<group>"; };
		77FD1CF5AB9AD2543652D6A8 /* Pods-TodoList.debug.xcconfig */ = {isa = PBXFileReference; includeInIndex = 1; lastKnownFileType = text.xcconfig; name = "Pods-TodoList.debug.xcconfig"; path = "Target Support Files/Pods-TodoList/Pods-TodoList.debug.xcconfig"; sourceTree = "<group>"; };
/* End PBXFileReference section */

/* Begin PBXFrameworksBuildPhase section */
		3DB22C3B25DCCC3300DCE33A /* Frameworks */ = {
			isa = PBXFrameworksBuildPhase;
			buildActionMask = 2147483647;
			files = (
				E1EE25C496FCDC27F72761A1 /* libPods-TodoListTests.a in Frameworks */,
			);
			runOnlyForDeploymentPostprocessing = 0;
		};
		3DB454AF24DAA15D00F0D613 /* Frameworks */ = {
			isa = PBXFrameworksBuildPhase;
			buildActionMask = 2147483647;
			files = (
				3C23DA5E44E2C1EEC38E5A76 /* Pods_TodoList.framework in Frameworks */,
			);
			runOnlyForDeploymentPostprocessing = 0;
		};
/* End PBXFrameworksBuildPhase section */

/* Begin PBXGroup section */
		3DB22C3F25DCCC3300DCE33A /* TodoListTests */ = {
			isa = PBXGroup;
			children = (
				3DB22C4025DCCC3300DCE33A /* TodoListTests.swift */,
				3DB22C4225DCCC3300DCE33A /* Info.plist */,
			);
			path = TodoListTests;
			sourceTree = "<group>";
		};
		3DB454A924DAA15D00F0D613 = {
			isa = PBXGroup;
			children = (
				3DB454B424DAA15D00F0D613 /* TodoList */,
				3DB22C3F25DCCC3300DCE33A /* TodoListTests */,
				3DB454B324DAA15D00F0D613 /* Products */,
				B9BC03F0FBDB96C59ECCFF73 /* Pods */,
				424AFD6F411E3C542D416716 /* Frameworks */,
			);
			sourceTree = "<group>";
		};
		3DB454B324DAA15D00F0D613 /* Products */ = {
			isa = PBXGroup;
			children = (
				3DB454B224DAA15D00F0D613 /* TodoList.app */,
				3DB22C3E25DCCC3300DCE33A /* TodoListTests.xctest */,
			);
			name = Products;
			sourceTree = "<group>";
		};
		3DB454B424DAA15D00F0D613 /* TodoList */ = {
			isa = PBXGroup;
			children = (
				3DB454B524DAA15D00F0D613 /* AppDelegate.swift */,
				3DB454B724DAA15D00F0D613 /* ViewController.swift */,
				3DB454B924DAA15D00F0D613 /* Main.storyboard */,
				3DB454BC24DAA15F00F0D613 /* Assets.xcassets */,
				3DB454BE24DAA15F00F0D613 /* LaunchScreen.storyboard */,
				3DB454C124DAA15F00F0D613 /* Info.plist */,
				3DB22C6425DCCF1800DCE33A /* TodoList.xcdatamodeld */,
			);
			path = TodoList;
			sourceTree = "<group>";
		};
		424AFD6F411E3C542D416716 /* Frameworks */ = {
			isa = PBXGroup;
			children = (
				2B7698709CD14E22956A5729 /* Pods_TodoList.framework */,
				700B1F95F41A73D24CD60220 /* libPods-TodoListTests.a */,
			);
			name = Frameworks;
			sourceTree = "<group>";
		};
		B9BC03F0FBDB96C59ECCFF73 /* Pods */ = {
			isa = PBXGroup;
			children = (
				77FD1CF5AB9AD2543652D6A8 /* Pods-TodoList.debug.xcconfig */,
				5A4F46F7DE07798C17266EE0 /* Pods-TodoList.release.xcconfig */,
				4934935810E54AC61EE96CEE /* Pods-TodoListTests.debug.xcconfig */,
				7404A5E5092E542B5462F2D2 /* Pods-TodoListTests.release.xcconfig */,
			);
			path = Pods;
			sourceTree = "<group>";
		};
/* End PBXGroup section */

/* Begin PBXNativeTarget section */
		3DB22C3D25DCCC3300DCE33A /* TodoListTests */ = {
			isa = PBXNativeTarget;
			buildConfigurationList = 3DB22C4725DCCC3300DCE33A /* Build configuration list for PBXNativeTarget "TodoListTests" */;
			buildPhases = (
				47DC982988CB184C4F0040B6 /* [CP] Check Pods Manifest.lock */,
				3DB22C3A25DCCC3300DCE33A /* Sources */,
				3DB22C3B25DCCC3300DCE33A /* Frameworks */,
				3DB22C3C25DCCC3300DCE33A /* Resources */,
			);
			buildRules = (
			);
			dependencies = (
				3DB22C4425DCCC3300DCE33A /* PBXTargetDependency */,
			);
			name = TodoListTests;
			productName = TodoListTests;
			productReference = 3DB22C3E25DCCC3300DCE33A /* TodoListTests.xctest */;
			productType = "com.apple.product-type.bundle.unit-test";
		};
		3DB454B124DAA15D00F0D613 /* TodoList */ = {
			isa = PBXNativeTarget;
			buildConfigurationList = 3DB454C424DAA15F00F0D613 /* Build configuration list for PBXNativeTarget "TodoList" */;
			buildPhases = (
				4B1BAEA3A8D6D947F317C82E /* [CP] Check Pods Manifest.lock */,
				3DB454AE24DAA15D00F0D613 /* Sources */,
				3DB454AF24DAA15D00F0D613 /* Frameworks */,
				3DB454B024DAA15D00F0D613 /* Resources */,
				F77426B012ACB188224984B8 /* [CP] Embed Pods Frameworks */,
			);
			buildRules = (
			);
			dependencies = (
			);
			name = TodoList;
			productName = TodoList;
			productReference = 3DB454B224DAA15D00F0D613 /* TodoList.app */;
			productType = "com.apple.product-type.application";
		};
/* End PBXNativeTarget section */

/* Begin PBXProject section */
		3DB454AA24DAA15D00F0D613 /* Project object */ = {
			isa = PBXProject;
			attributes = {
				LastSwiftUpdateCheck = 1220;
				LastUpgradeCheck = 1030;
				ORGANIZATIONNAME = william;
				TargetAttributes = {
					3DB22C3D25DCCC3300DCE33A = {
						CreatedOnToolsVersion = 12.2;
						TestTargetID = 3DB454B124DAA15D00F0D613;
					};
					3DB454B124DAA15D00F0D613 = {
						CreatedOnToolsVersion = 10.3;
					};
				};
			};
			buildConfigurationList = 3DB454AD24DAA15D00F0D613 /* Build configuration list for PBXProject "TodoList" */;
			compatibilityVersion = "Xcode 9.3";
			developmentRegion = en;
			hasScannedForEncodings = 0;
			knownRegions = (
				en,
				Base,
			);
			mainGroup = 3DB454A924DAA15D00F0D613;
			productRefGroup = 3DB454B324DAA15D00F0D613 /* Products */;
			projectDirPath = "";
			projectRoot = "";
			targets = (
				3DB454B124DAA15D00F0D613 /* TodoList */,
				3DB22C3D25DCCC3300DCE33A /* TodoListTests */,
			);
		};
/* End PBXProject section */

/* Begin PBXResourcesBuildPhase section */
		3DB22C3C25DCCC3300DCE33A /* Resources */ = {
			isa = PBXResourcesBuildPhase;
			buildActionMask = 2147483647;
			files = (
			);
			runOnlyForDeploymentPostprocessing = 0;
		};
		3DB454B024DAA15D00F0D613 /* Resources */ = {
			isa = PBXResourcesBuildPhase;
			buildActionMask = 2147483647;
			files = (
				3DB454C024DAA15F00F0D613 /* LaunchScreen.storyboard in Resources */,
				3DB454BD24DAA15F00F0D613 /* Assets.xcassets in Resources */,
				3DB454BB24DAA15D00F0D613 /* Main.storyboard in Resources */,
			);
			runOnlyForDeploymentPostprocessing = 0;
		};
/* End PBXResourcesBuildPhase section */

/* Begin PBXShellScriptBuildPhase section */
		47DC982988CB184C4F0040B6 /* [CP] Check Pods Manifest.lock */ = {
			isa = PBXShellScriptBuildPhase;
			buildActionMask = 2147483647;
			files = (
			);
			inputFileListPaths = (
			);
			inputPaths = (
				"${PODS_PODFILE_DIR_PATH}/Podfile.lock",
				"${PODS_ROOT}/Manifest.lock",
			);
			name = "[CP] Check Pods Manifest.lock";
			outputFileListPaths = (
			);
			outputPaths = (
				"$(DERIVED_FILE_DIR)/Pods-TodoListTests-checkManifestLockResult.txt",
			);
			runOnlyForDeploymentPostprocessing = 0;
			shellPath = /bin/sh;
			shellScript = "diff \"${PODS_PODFILE_DIR_PATH}/Podfile.lock\" \"${PODS_ROOT}/Manifest.lock\" > /dev/null\nif [ $? != 0 ] ; then\n    # print error to STDERR\n    echo \"error: The sandbox is not in sync with the Podfile.lock. Run 'pod install' or update your CocoaPods installation.\" >&2\n    exit 1\nfi\n# This output is used by Xcode 'outputs' to avoid re-running this script phase.\necho \"SUCCESS\" > \"${SCRIPT_OUTPUT_FILE_0}\"\n";
			showEnvVarsInLog = 0;
		};
		4B1BAEA3A8D6D947F317C82E /* [CP] Check Pods Manifest.lock */ = {
			isa = PBXShellScriptBuildPhase;
			buildActionMask = 2147483647;
			files = (
			);
			inputFileListPaths = (
			);
			inputPaths = (
				"${PODS_PODFILE_DIR_PATH}/Podfile.lock",
				"${PODS_ROOT}/Manifest.lock",
			);
			name = "[CP] Check Pods Manifest.lock";
			outputFileListPaths = (
			);
			outputPaths = (
				"$(DERIVED_FILE_DIR)/Pods-TodoList-checkManifestLockResult.txt",
			);
			runOnlyForDeploymentPostprocessing = 0;
			shellPath = /bin/sh;
			shellScript = "diff \"${PODS_PODFILE_DIR_PATH}/Podfile.lock\" \"${PODS_ROOT}/Manifest.lock\" > /dev/null\nif [ $? != 0 ] ; then\n    # print error to STDERR\n    echo \"error: The sandbox is not in sync with the Podfile.lock. Run 'pod install' or update your CocoaPods installation.\" >&2\n    exit 1\nfi\n# This output is used by Xcode 'outputs' to avoid re-running this script phase.\necho \"SUCCESS\" > \"${SCRIPT_OUTPUT_FILE_0}\"\n";
			showEnvVarsInLog = 0;
		};
		F77426B012ACB188224984B8 /* [CP] Embed Pods Frameworks */ = {
			isa = PBXShellScriptBuildPhase;
			buildActionMask = 2147483647;
			files = (
			);
			inputFileListPaths = (
				"${PODS_ROOT}/Target Support Files/Pods-TodoList/Pods-TodoList-frameworks-${CONFIGURATION}-input-files.xcfilelist",
			);
			name = "[CP] Embed Pods Frameworks";
			outputFileListPaths = (
				"${PODS_ROOT}/Target Support Files/Pods-TodoList/Pods-TodoList-frameworks-${CONFIGURATION}-output-files.xcfilelist",
			);
			runOnlyForDeploymentPostprocessing = 0;
			shellPath = /bin/sh;
			shellScript = "\"${PODS_ROOT}/Target Support Files/Pods-TodoList/Pods-TodoList-frameworks.sh\"\n";
			showEnvVarsInLog = 0;
		};
/* End PBXShellScriptBuildPhase section */

/* Begin PBXSourcesBuildPhase section */
		3DB22C3A25DCCC3300DCE33A /* Sources */ = {
			isa = PBXSourcesBuildPhase;
			buildActionMask = 2147483647;
			files = (
				3DB22C4125DCCC3300DCE33A /* TodoListTests.swift in Sources */,
			);
			runOnlyForDeploymentPostprocessing = 0;
		};
		3DB454AE24DAA15D00F0D613 /* Sources */ = {
			isa = PBXSourcesBuildPhase;
			buildActionMask = 2147483647;
			files = (
				3DB454B824DAA15D00F0D613 /* ViewController.swift in Sources */,
				3DB454B624DAA15D00F0D613 /* AppDelegate.swift in Sources */,
				3DB22C6625DCCF1800DCE33A /* TodoList.xcdatamodeld in Sources */,
			);
			runOnlyForDeploymentPostprocessing = 0;
		};
/* End PBXSourcesBuildPhase section */

/* Begin PBXTargetDependency section */
		3DB22C4425DCCC3300DCE33A /* PBXTargetDependency */ = {
			isa = PBXTargetDependency;
			target = 3DB454B124DAA15D00F0D613 /* TodoList */;
			targetProxy = 3DB22C4325DCCC3300DCE33A /* PBXContainerItemProxy */;
		};
/* End PBXTargetDependency section */

/* Begin PBXVariantGroup section */
		3DB454B924DAA15D00F0D613 /* Main.storyboard */ = {
			isa = PBXVariantGroup;
			children = (
				3DB454BA24DAA15D00F0D613 /* Base */,
			);
			name = Main.storyboard;
			sourceTree = "<group>";
		};
		3DB454BE24DAA15F00F0D613 /* LaunchScreen.storyboard */ = {
			isa = PBXVariantGroup;
			children = (
				3DB454BF24DAA15F00F0D613 /* Base */,
			);
			name = LaunchScreen.storyboard;
			sourceTree = "<group>";
		};
/* End PBXVariantGroup section */

/* Begin XCBuildConfiguration section */
		3DB22C4525DCCC3300DCE33A /* Debug */ = {
			isa = XCBuildConfiguration;
			baseConfigurationReference = 4934935810E54AC61EE96CEE /* Pods-TodoListTests.debug.xcconfig */;
			buildSettings = {
				BUNDLE_LOADER = "$(TEST_HOST)";
				CLANG_WARN_QUOTED_INCLUDE_IN_FRAMEWORK_HEADER = YES;
				CODE_SIGN_STYLE = Automatic;
				DEVELOPMENT_TEAM = BY8P5XC76R;
				INFOPLIST_FILE = TodoListTests/Info.plist;
				IPHONEOS_DEPLOYMENT_TARGET = 14.2;
				LD_RUNPATH_SEARCH_PATHS = (
					"$(inherited)",
					"@executable_path/Frameworks",
					"@loader_path/Frameworks",
				);
				PRODUCT_BUNDLE_IDENTIFIER = com.william.TodoListTests;
				PRODUCT_NAME = "$(TARGET_NAME)";
				SWIFT_VERSION = 5.0;
				TARGETED_DEVICE_FAMILY = "1,2";
				TEST_HOST = "$(BUILT_PRODUCTS_DIR)/TodoList.app/TodoList";
			};
			name = Debug;
		};
		3DB22C4625DCCC3300DCE33A /* Release */ = {
			isa = XCBuildConfiguration;
			baseConfigurationReference = 7404A5E5092E542B5462F2D2 /* Pods-TodoListTests.release.xcconfig */;
			buildSettings = {
				BUNDLE_LOADER = "$(TEST_HOST)";
				CLANG_WARN_QUOTED_INCLUDE_IN_FRAMEWORK_HEADER = YES;
				CODE_SIGN_STYLE = Automatic;
				DEVELOPMENT_TEAM = BY8P5XC76R;
				INFOPLIST_FILE = TodoListTests/Info.plist;
				IPHONEOS_DEPLOYMENT_TARGET = 14.2;
				LD_RUNPATH_SEARCH_PATHS = (
					"$(inherited)",
					"@executable_path/Frameworks",
					"@loader_path/Frameworks",
				);
				PRODUCT_BUNDLE_IDENTIFIER = com.william.TodoListTests;
				PRODUCT_NAME = "$(TARGET_NAME)";
				SWIFT_VERSION = 5.0;
				TARGETED_DEVICE_FAMILY = "1,2";
				TEST_HOST = "$(BUILT_PRODUCTS_DIR)/TodoList.app/TodoList";
			};
			name = Release;
		};
		3DB454C224DAA15F00F0D613 /* Debug */ = {
			isa = XCBuildConfiguration;
			buildSettings = {
				ALWAYS_SEARCH_USER_PATHS = NO;
				CLANG_ANALYZER_NONNULL = YES;
				CLANG_ANALYZER_NUMBER_OBJECT_CONVERSION = YES_AGGRESSIVE;
				CLANG_CXX_LANGUAGE_STANDARD = "gnu++14";
				CLANG_CXX_LIBRARY = "libc++";
				CLANG_ENABLE_MODULES = YES;
				CLANG_ENABLE_OBJC_ARC = YES;
				CLANG_ENABLE_OBJC_WEAK = YES;
				CLANG_WARN_BLOCK_CAPTURE_AUTORELEASING = YES;
				CLANG_WARN_BOOL_CONVERSION = YES;
				CLANG_WARN_COMMA = YES;
				CLANG_WARN_CONSTANT_CONVERSION = YES;
				CLANG_WARN_DEPRECATED_OBJC_IMPLEMENTATIONS = YES;
				CLANG_WARN_DIRECT_OBJC_ISA_USAGE = YES_ERROR;
				CLANG_WARN_DOCUMENTATION_COMMENTS = YES;
				CLANG_WARN_EMPTY_BODY = YES;
				CLANG_WARN_ENUM_CONVERSION = YES;
				CLANG_WARN_INFINITE_RECURSION = YES;
				CLANG_WARN_INT_CONVERSION = YES;
				CLANG_WARN_NON_LITERAL_NULL_CONVERSION = YES;
				CLANG_WARN_OBJC_IMPLICIT_RETAIN_SELF = YES;
				CLANG_WARN_OBJC_LITERAL_CONVERSION = YES;
				CLANG_WARN_OBJC_ROOT_CLASS = YES_ERROR;
				CLANG_WARN_RANGE_LOOP_ANALYSIS = YES;
				CLANG_WARN_STRICT_PROTOTYPES = YES;
				CLANG_WARN_SUSPICIOUS_MOVE = YES;
				CLANG_WARN_UNGUARDED_AVAILABILITY = YES_AGGRESSIVE;
				CLANG_WARN_UNREACHABLE_CODE = YES;
				CLANG_WARN__DUPLICATE_METHOD_MATCH = YES;
				CODE_SIGN_IDENTITY = "iPhone Developer";
				COPY_PHASE_STRIP = NO;
				DEBUG_INFORMATION_FORMAT = dwarf;
				ENABLE_STRICT_OBJC_MSGSEND = YES;
				ENABLE_TESTABILITY = YES;
				GCC_C_LANGUAGE_STANDARD = gnu11;
				GCC_DYNAMIC_NO_PIC = NO;
				GCC_NO_COMMON_BLOCKS = YES;
				GCC_OPTIMIZATION_LEVEL = 0;
				GCC_PREPROCESSOR_DEFINITIONS = (
					"DEBUG=1",
					"$(inherited)",
				);
				GCC_WARN_64_TO_32_BIT_CONVERSION = YES;
				GCC_WARN_ABOUT_RETURN_TYPE = YES_ERROR;
				GCC_WARN_UNDECLARED_SELECTOR = YES;
				GCC_WARN_UNINITIALIZED_AUTOS = YES_AGGRESSIVE;
				GCC_WARN_UNUSED_FUNCTION = YES;
				GCC_WARN_UNUSED_VARIABLE = YES;
				IPHONEOS_DEPLOYMENT_TARGET = 12.4;
				MTL_ENABLE_DEBUG_INFO = INCLUDE_SOURCE;
				MTL_FAST_MATH = YES;
				ONLY_ACTIVE_ARCH = YES;
				SDKROOT = iphoneos;
				SWIFT_ACTIVE_COMPILATION_CONDITIONS = DEBUG;
				SWIFT_OPTIMIZATION_LEVEL = "-Onone";
			};
			name = Debug;
		};
		3DB454C324DAA15F00F0D613 /* Release */ = {
			isa = XCBuildConfiguration;
			buildSettings = {
				ALWAYS_SEARCH_USER_PATHS = NO;
				CLANG_ANALYZER_NONNULL = YES;
				CLANG_ANALYZER_NUMBER_OBJECT_CONVERSION = YES_AGGRESSIVE;
				CLANG_CXX_LANGUAGE_STANDARD = "gnu++14";
				CLANG_CXX_LIBRARY = "libc++";
				CLANG_ENABLE_MODULES = YES;
				CLANG_ENABLE_OBJC_ARC = YES;
				CLANG_ENABLE_OBJC_WEAK = YES;
				CLANG_WARN_BLOCK_CAPTURE_AUTORELEASING = YES;
				CLANG_WARN_BOOL_CONVERSION = YES;
				CLANG_WARN_COMMA = YES;
				CLANG_WARN_CONSTANT_CONVERSION = YES;
				CLANG_WARN_DEPRECATED_OBJC_IMPLEMENTATIONS = YES;
				CLANG_WARN_DIRECT_OBJC_ISA_USAGE = YES_ERROR;
				CLANG_WARN_DOCUMENTATION_COMMENTS = YES;
				CLANG_WARN_EMPTY_BODY = YES;
				CLANG_WARN_ENUM_CONVERSION = YES;
				CLANG_WARN_INFINITE_RECURSION = YES;
				CLANG_WARN_INT_CONVERSION = YES;
				CLANG_WARN_NON_LITERAL_NULL_CONVERSION = YES;
				CLANG_WARN_OBJC_IMPLICIT_RETAIN_SELF = YES;
				CLANG_WARN_OBJC_LITERAL_CONVERSION = YES;
				CLANG_WARN_OBJC_ROOT_CLASS = YES_ERROR;
				CLANG_WARN_RANGE_LOOP_ANALYSIS = YES;
				CLANG_WARN_STRICT_PROTOTYPES = YES;
				CLANG_WARN_SUSPICIOUS_MOVE = YES;
				CLANG_WARN_UNGUARDED_AVAILABILITY = YES_AGGRESSIVE;
				CLANG_WARN_UNREACHABLE_CODE = YES;
				CLANG_WARN__DUPLICATE_METHOD_MATCH = YES;
				CODE_SIGN_IDENTITY = "iPhone Developer";
				COPY_PHASE_STRIP = NO;
				DEBUG_INFORMATION_FORMAT = "dwarf-with-dsym";
				ENABLE_NS_ASSERTIONS = NO;
				ENABLE_STRICT_OBJC_MSGSEND = YES;
				GCC_C_LANGUAGE_STANDARD = gnu11;
				GCC_NO_COMMON_BLOCKS = YES;
				GCC_WARN_64_TO_32_BIT_CONVERSION = YES;
				GCC_WARN_ABOUT_RETURN_TYPE = YES_ERROR;
				GCC_WARN_UNDECLARED_SELECTOR = YES;
				GCC_WARN_UNINITIALIZED_AUTOS = YES_AGGRESSIVE;
				GCC_WARN_UNUSED_FUNCTION = YES;
				GCC_WARN_UNUSED_VARIABLE = YES;
				IPHONEOS_DEPLOYMENT_TARGET = 12.4;
				MTL_ENABLE_DEBUG_INFO = NO;
				MTL_FAST_MATH = YES;
				SDKROOT = iphoneos;
				SWIFT_COMPILATION_MODE = wholemodule;
				SWIFT_OPTIMIZATION_LEVEL = "-O";
				VALIDATE_PRODUCT = YES;
			};
			name = Release;
		};
		3DB454C524DAA15F00F0D613 /* Debug */ = {
			isa = XCBuildConfiguration;
			baseConfigurationReference = 77FD1CF5AB9AD2543652D6A8 /* Pods-TodoList.debug.xcconfig */;
			buildSettings = {
				ASSETCATALOG_COMPILER_APPICON_NAME = AppIcon;
				CODE_SIGN_STYLE = Automatic;
				DEVELOPMENT_TEAM = BY8P5XC76R;
				INFOPLIST_FILE = TodoList/Info.plist;
				LD_RUNPATH_SEARCH_PATHS = (
					"$(inherited)",
					"@executable_path/Frameworks",
				);
				PRODUCT_BUNDLE_IDENTIFIER = com.william.TodoList;
				PRODUCT_NAME = "$(TARGET_NAME)";
				SWIFT_VERSION = 5.0;
				TARGETED_DEVICE_FAMILY = "1,2";
			};
			name = Debug;
		};
		3DB454C624DAA15F00F0D613 /* Release */ = {
			isa = XCBuildConfiguration;
			baseConfigurationReference = 5A4F46F7DE07798C17266EE0 /* Pods-TodoList.release.xcconfig */;
			buildSettings = {
				ASSETCATALOG_COMPILER_APPICON_NAME = AppIcon;
				CODE_SIGN_STYLE = Automatic;
				DEVELOPMENT_TEAM = BY8P5XC76R;
				INFOPLIST_FILE = TodoList/Info.plist;
				LD_RUNPATH_SEARCH_PATHS = (
					"$(inherited)",
					"@executable_path/Frameworks",
				);
				PRODUCT_BUNDLE_IDENTIFIER = com.william.TodoList;
				PRODUCT_NAME = "$(TARGET_NAME)";
				SWIFT_VERSION = 5.0;
				TARGETED_DEVICE_FAMILY = "1,2";
			};
			name = Release;
		};
/* End XCBuildConfiguration section */

/* Begin XCConfigurationList section */
		3DB22C4725DCCC3300DCE33A /* Build configuration list for PBXNativeTarget "TodoListTests" */ = {
			isa = XCConfigurationList;
			buildConfigurations = (
				3DB22C4525DCCC3300DCE33A /* Debug */,
				3DB22C4625DCCC3300DCE33A /* Release */,
			);
			defaultConfigurationIsVisible = 0;
			defaultConfigurationName = Release;
		};
		3DB454AD24DAA15D00F0D613 /* Build configuration list for PBXProject "TodoList" */ = {
			isa = XCConfigurationList;
			buildConfigurations = (
				3DB454C224DAA15F00F0D613 /* Debug */,
				3DB454C324DAA15F00F0D613 /* Release */,
			);
			defaultConfigurationIsVisible = 0;
			defaultConfigurationName = Release;
		};
		3DB454C424DAA15F00F0D613 /* Build configuration list for PBXNativeTarget "TodoList" */ = {
			isa = XCConfigurationList;
			buildConfigurations = (
				3DB454C524DAA15F00F0D613 /* Debug */,
				3DB454C624DAA15F00F0D613 /* Release */,
			);
			defaultConfigurationIsVisible = 0;
			defaultConfigurationName = Release;
		};
/* End XCConfigurationList section */

/* Begin XCVersionGroup section */
		3DB22C6425DCCF1800DCE33A /* TodoList.xcdatamodeld */ = {
			isa = XCVersionGroup;
			children = (
				3DB22C6525DCCF1800DCE33A /* TodoList.xcdatamodel */,
			);
			currentVersion = 3DB22C6525DCCF1800DCE33A /* TodoList.xcdatamodel */;
			path = TodoList.xcdatamodeld;
			sourceTree = "<group>";
			versionGroupType = wrapper.xcdatamodel;
		};
/* End XCVersionGroup section */
	};
	rootObject = 3DB454AA24DAA15D00F0D613 /* Project object */;
}
