// !$*UTF8*$!
{
	archiveVersion = 1;
	classes = {
	};
	objectVersion = 50;
	objects = {

/* Begin PBXBuildFile section */
		3D0411DD24DAE92E00969778 /* AppConfiguration.swift in Sources */ = {isa = PBXBuildFile; fileRef = 3D0411DC24DAE92E00969778 /* AppConfiguration.swift */; };
		3D5B527824DC06B0006018BE /* ListViewModelState.swift in Sources */ = {isa = PBXBuildFile; fileRef = 3D5B527724DC06B0006018BE /* ListViewModelState.swift */; };
		3D7BB82624E03355009C6618 /* DataState.swift in Sources */ = {isa = PBXBuildFile; fileRef = 3D7BB82524E03355009C6618 /* DataState.swift */; };
		3D82C59D2508B472002FA122 /* AddViewController.swift in Sources */ = {isa = PBXBuildFile; fileRef = 3D82C59B2508B472002FA122 /* AddViewController.swift */; };
		3D82C59E2508B472002FA122 /* AddViewController.xib in Resources */ = {isa = PBXBuildFile; fileRef = 3D82C59C2508B472002FA122 /* AddViewController.xib */; };
		3D82C5A32508B4DE002FA122 /* AddViewModelIO.swift in Sources */ = {isa = PBXBuildFile; fileRef = 3D82C5A22508B4DE002FA122 /* AddViewModelIO.swift */; };
		3D82C5A52508B4E5002FA122 /* AddViewModel.swift in Sources */ = {isa = PBXBuildFile; fileRef = 3D82C5A42508B4E5002FA122 /* AddViewModel.swift */; };
		3DB454B624DAA15D00F0D613 /* AppDelegate.swift in Sources */ = {isa = PBXBuildFile; fileRef = 3DB454B524DAA15D00F0D613 /* AppDelegate.swift */; };
		3DB454BD24DAA15F00F0D613 /* Assets.xcassets in Resources */ = {isa = PBXBuildFile; fileRef = 3DB454BC24DAA15F00F0D613 /* Assets.xcassets */; };
		3DB454C024DAA15F00F0D613 /* LaunchScreen.storyboard in Resources */ = {isa = PBXBuildFile; fileRef = 3DB454BE24DAA15F00F0D613 /* LaunchScreen.storyboard */; };
		3DB454CE24DAA1E800F0D613 /* ListViewController.swift in Sources */ = {isa = PBXBuildFile; fileRef = 3DB454CC24DAA1E800F0D613 /* ListViewController.swift */; };
		3DB454CF24DAA1E800F0D613 /* ListViewController.xib in Resources */ = {isa = PBXBuildFile; fileRef = 3DB454CD24DAA1E800F0D613 /* ListViewController.xib */; };
		3DB454D324DAA1F800F0D613 /* ListViewModel.swift in Sources */ = {isa = PBXBuildFile; fileRef = 3DB454D224DAA1F800F0D613 /* ListViewModel.swift */; };
		3DB454D624DAA25600F0D613 /* NibInstantiable.swift in Sources */ = {isa = PBXBuildFile; fileRef = 3DB454D524DAA25600F0D613 /* NibInstantiable.swift */; };
		3DB454D924DAA40500F0D613 /* Router.swift in Sources */ = {isa = PBXBuildFile; fileRef = 3DB454D824DAA40500F0D613 /* Router.swift */; };
		3DB454DB24DAA41400F0D613 /* AppRouter.swift in Sources */ = {isa = PBXBuildFile; fileRef = 3DB454DA24DAA41400F0D613 /* AppRouter.swift */; };
		3DB454DE24DAA44400F0D613 /* Coordinator.swift in Sources */ = {isa = PBXBuildFile; fileRef = 3DB454DD24DAA44400F0D613 /* Coordinator.swift */; };
		3DB454E124DAA46900F0D613 /* AppCoordinator.swift in Sources */ = {isa = PBXBuildFile; fileRef = 3DB454E024DAA46900F0D613 /* AppCoordinator.swift */; };
		3DB454E324DAA47300F0D613 /* AppDIContainer.swift in Sources */ = {isa = PBXBuildFile; fileRef = 3DB454E224DAA47300F0D613 /* AppDIContainer.swift */; };
		3DB454E624DAA48A00F0D613 /* TodoSceneCoordinator.swift in Sources */ = {isa = PBXBuildFile; fileRef = 3DB454E524DAA48A00F0D613 /* TodoSceneCoordinator.swift */; };
		3DB454EA24DAA5E400F0D613 /* TodoSceneDIContainer.swift in Sources */ = {isa = PBXBuildFile; fileRef = 3DB454E924DAA5E400F0D613 /* TodoSceneDIContainer.swift */; };
		3DB454ED24DAAAEB00F0D613 /* TableListViewController.swift in Sources */ = {isa = PBXBuildFile; fileRef = 3DB454EC24DAAAEB00F0D613 /* TableListViewController.swift */; };
		3DB454F124DAABB500F0D613 /* TodoRepository.swift in Sources */ = {isa = PBXBuildFile; fileRef = 3DB454F024DAABB500F0D613 /* TodoRepository.swift */; };
		3DB454F424DAAF4A00F0D613 /* Observable.swift in Sources */ = {isa = PBXBuildFile; fileRef = 3DB454F324DAAF4A00F0D613 /* Observable.swift */; };
		3DB454FA24DAB01D00F0D613 /* TodoModel.swift in Sources */ = {isa = PBXBuildFile; fileRef = 3DB454F924DAB01D00F0D613 /* TodoModel.swift */; };
		3DB4550024DAB63400F0D613 /* ListItemCell.swift in Sources */ = {isa = PBXBuildFile; fileRef = 3DB454FE24DAB63400F0D613 /* ListItemCell.swift */; };
		3DB4550124DAB63400F0D613 /* ListItemCell.xib in Resources */ = {isa = PBXBuildFile; fileRef = 3DB454FF24DAB63400F0D613 /* ListItemCell.xib */; };
		3DB4550424DAB84700F0D613 /* ViewControllerExtension.swift in Sources */ = {isa = PBXBuildFile; fileRef = 3DB4550324DAB84700F0D613 /* ViewControllerExtension.swift */; };
		3DB4550924DAE22B00F0D613 /* ListViewModelIO.swift in Sources */ = {isa = PBXBuildFile; fileRef = 3DB4550824DAE22B00F0D613 /* ListViewModelIO.swift */; };
		3DB4550D24DAE3AF00F0D613 /* DetailViewController.swift in Sources */ = {isa = PBXBuildFile; fileRef = 3DB4550B24DAE3AF00F0D613 /* DetailViewController.swift */; };
		3DB4550E24DAE3AF00F0D613 /* DetailViewController.xib in Resources */ = {isa = PBXBuildFile; fileRef = 3DB4550C24DAE3AF00F0D613 /* DetailViewController.xib */; };
		3DB4551324DAE3DA00F0D613 /* DetailViewModel.swift in Sources */ = {isa = PBXBuildFile; fileRef = 3DB4551224DAE3DA00F0D613 /* DetailViewModel.swift */; };
		3DB4551524DAE3E000F0D613 /* DetailViewModelIO.swift in Sources */ = {isa = PBXBuildFile; fileRef = 3DB4551424DAE3E000F0D613 /* DetailViewModelIO.swift */; };
/* End PBXBuildFile section */

/* Begin PBXFileReference section */
		3D0411DC24DAE92E00969778 /* AppConfiguration.swift */ = {isa = PBXFileReference; lastKnownFileType = sourcecode.swift; path = AppConfiguration.swift; sourceTree = "<group>"; };
		3D5B527724DC06B0006018BE /* ListViewModelState.swift */ = {isa = PBXFileReference; lastKnownFileType = sourcecode.swift; path = ListViewModelState.swift; sourceTree = "<group>"; };
		3D7BB82524E03355009C6618 /* DataState.swift */ = {isa = PBXFileReference; lastKnownFileType = sourcecode.swift; path = DataState.swift; sourceTree = "<group>"; };
		3D82C59B2508B472002FA122 /* AddViewController.swift */ = {isa = PBXFileReference; lastKnownFileType = sourcecode.swift; path = AddViewController.swift; sourceTree = "<group>"; };
		3D82C59C2508B472002FA122 /* AddViewController.xib */ = {isa = PBXFileReference; lastKnownFileType = file.xib; path = AddViewController.xib; sourceTree = "<group>"; };
		3D82C5A22508B4DE002FA122 /* AddViewModelIO.swift */ = {isa = PBXFileReference; lastKnownFileType = sourcecode.swift; path = AddViewModelIO.swift; sourceTree = "<group>"; };
		3D82C5A42508B4E5002FA122 /* AddViewModel.swift */ = {isa = PBXFileReference; lastKnownFileType = sourcecode.swift; path = AddViewModel.swift; sourceTree = "<group>"; };
		3DB454B224DAA15D00F0D613 /* TodoList.app */ = {isa = PBXFileReference; explicitFileType = wrapper.application; includeInIndex = 0; path = TodoList.app; sourceTree = BUILT_PRODUCTS_DIR; };
		3DB454B524DAA15D00F0D613 /* AppDelegate.swift */ = {isa = PBXFileReference; lastKnownFileType = sourcecode.swift; path = AppDelegate.swift; sourceTree = "<group>"; };
		3DB454BC24DAA15F00F0D613 /* Assets.xcassets */ = {isa = PBXFileReference; lastKnownFileType = folder.assetcatalog; path = Assets.xcassets; sourceTree = "<group>"; };
		3DB454BF24DAA15F00F0D613 /* Base */ = {isa = PBXFileReference; lastKnownFileType = file.storyboard; name = Base; path = Base.lproj/LaunchScreen.storyboard; sourceTree = "<group>"; };
		3DB454C124DAA15F00F0D613 /* Info.plist */ = {isa = PBXFileReference; lastKnownFileType = text.plist.xml; path = Info.plist; sourceTree = "<group>"; };
		3DB454CC24DAA1E800F0D613 /* ListViewController.swift */ = {isa = PBXFileReference; lastKnownFileType = sourcecode.swift; path = ListViewController.swift; sourceTree = "<group>"; };
		3DB454CD24DAA1E800F0D613 /* ListViewController.xib */ = {isa = PBXFileReference; lastKnownFileType = file.xib; path = ListViewController.xib; sourceTree = "<group>"; };
		3DB454D224DAA1F800F0D613 /* ListViewModel.swift */ = {isa = PBXFileReference; lastKnownFileType = sourcecode.swift; path = ListViewModel.swift; sourceTree = "<group>"; };
		3DB454D524DAA25600F0D613 /* NibInstantiable.swift */ = {isa = PBXFileReference; lastKnownFileType = sourcecode.swift; path = NibInstantiable.swift; sourceTree = "<group>"; };
		3DB454D824DAA40500F0D613 /* Router.swift */ = {isa = PBXFileReference; lastKnownFileType = sourcecode.swift; path = Router.swift; sourceTree = "<group>"; };
		3DB454DA24DAA41400F0D613 /* AppRouter.swift */ = {isa = PBXFileReference; lastKnownFileType = sourcecode.swift; path = AppRouter.swift; sourceTree = "<group>"; };
		3DB454DD24DAA44400F0D613 /* Coordinator.swift */ = {isa = PBXFileReference; lastKnownFileType = sourcecode.swift; path = Coordinator.swift; sourceTree = "<group>"; };
		3DB454E024DAA46900F0D613 /* AppCoordinator.swift */ = {isa = PBXFileReference; lastKnownFileType = sourcecode.swift; path = AppCoordinator.swift; sourceTree = "<group>"; };
		3DB454E224DAA47300F0D613 /* AppDIContainer.swift */ = {isa = PBXFileReference; lastKnownFileType = sourcecode.swift; path = AppDIContainer.swift; sourceTree = "<group>"; };
		3DB454E524DAA48A00F0D613 /* TodoSceneCoordinator.swift */ = {isa = PBXFileReference; lastKnownFileType = sourcecode.swift; path = TodoSceneCoordinator.swift; sourceTree = "<group>"; };
		3DB454E924DAA5E400F0D613 /* TodoSceneDIContainer.swift */ = {isa = PBXFileReference; lastKnownFileType = sourcecode.swift; path = TodoSceneDIContainer.swift; sourceTree = "<group>"; };
		3DB454EC24DAAAEB00F0D613 /* TableListViewController.swift */ = {isa = PBXFileReference; lastKnownFileType = sourcecode.swift; path = TableListViewController.swift; sourceTree = "<group>"; };
		3DB454F024DAABB500F0D613 /* TodoRepository.swift */ = {isa = PBXFileReference; lastKnownFileType = sourcecode.swift; path = TodoRepository.swift; sourceTree = "<group>"; };
		3DB454F324DAAF4A00F0D613 /* Observable.swift */ = {isa = PBXFileReference; lastKnownFileType = sourcecode.swift; path = Observable.swift; sourceTree = "<group>"; };
		3DB454F924DAB01D00F0D613 /* TodoModel.swift */ = {isa = PBXFileReference; lastKnownFileType = sourcecode.swift; path = TodoModel.swift; sourceTree = "<group>"; };
		3DB454FE24DAB63400F0D613 /* ListItemCell.swift */ = {isa = PBXFileReference; lastKnownFileType = sourcecode.swift; path = ListItemCell.swift; sourceTree = "<group>"; };
		3DB454FF24DAB63400F0D613 /* ListItemCell.xib */ = {isa = PBXFileReference; lastKnownFileType = file.xib; path = ListItemCell.xib; sourceTree = "<group>"; };
		3DB4550324DAB84700F0D613 /* ViewControllerExtension.swift */ = {isa = PBXFileReference; lastKnownFileType = sourcecode.swift; path = ViewControllerExtension.swift; sourceTree = "<group>"; };
		3DB4550824DAE22B00F0D613 /* ListViewModelIO.swift */ = {isa = PBXFileReference; lastKnownFileType = sourcecode.swift; path = ListViewModelIO.swift; sourceTree = "<group>"; };
		3DB4550B24DAE3AF00F0D613 /* DetailViewController.swift */ = {isa = PBXFileReference; lastKnownFileType = sourcecode.swift; path = DetailViewController.swift; sourceTree = "<group>"; };
		3DB4550C24DAE3AF00F0D613 /* DetailViewController.xib */ = {isa = PBXFileReference; lastKnownFileType = file.xib; path = DetailViewController.xib; sourceTree = "<group>"; };
		3DB4551224DAE3DA00F0D613 /* DetailViewModel.swift */ = {isa = PBXFileReference; lastKnownFileType = sourcecode.swift; path = DetailViewModel.swift; sourceTree = "<group>"; };
		3DB4551424DAE3E000F0D613 /* DetailViewModelIO.swift */ = {isa = PBXFileReference; lastKnownFileType = sourcecode.swift; path = DetailViewModelIO.swift; sourceTree = "<group>"; };
/* End PBXFileReference section */

/* Begin PBXFrameworksBuildPhase section */
		3DB454AF24DAA15D00F0D613 /* Frameworks */ = {
			isa = PBXFrameworksBuildPhase;
			buildActionMask = 2147483647;
			files = (
			);
			runOnlyForDeploymentPostprocessing = 0;
		};
/* End PBXFrameworksBuildPhase section */

/* Begin PBXGroup section */
		3D7BB82224E032C9009C6618 /* StoreState */ = {
			isa = PBXGroup;
			children = (
				3D7BB82524E03355009C6618 /* DataState.swift */,
			);
			path = StoreState;
			sourceTree = "<group>";
		};
		3D82C5982508B3C0002FA122 /* Add */ = {
			isa = PBXGroup;
			children = (
				3D82C59F2508B4CB002FA122 /* View */,
				3D82C5A22508B4DE002FA122 /* AddViewModelIO.swift */,
				3D82C5A42508B4E5002FA122 /* AddViewModel.swift */,
			);
			path = Add;
			sourceTree = "<group>";
		};
		3D82C59F2508B4CB002FA122 /* View */ = {
			isa = PBXGroup;
			children = (
				3D82C59B2508B472002FA122 /* AddViewController.swift */,
				3D82C59C2508B472002FA122 /* AddViewController.xib */,
			);
			path = View;
			sourceTree = "<group>";
		};
		3DB454A924DAA15D00F0D613 = {
			isa = PBXGroup;
			children = (
				3DB454B424DAA15D00F0D613 /* TodoList */,
				3DB454B324DAA15D00F0D613 /* Products */,
			);
			sourceTree = "<group>";
		};
		3DB454B324DAA15D00F0D613 /* Products */ = {
			isa = PBXGroup;
			children = (
				3DB454B224DAA15D00F0D613 /* TodoList.app */,
			);
			name = Products;
			sourceTree = "<group>";
		};
		3DB454B424DAA15D00F0D613 /* TodoList */ = {
			isa = PBXGroup;
			children = (
				3DB454C824DAA19500F0D613 /* Application */,
				3DB454D724DAA3FD00F0D613 /* Router */,
				3DB454DC24DAA42900F0D613 /* Coordinator */,
				3DB454EE24DAAB8800F0D613 /* Data */,
				3DB454F524DAAFFA00F0D613 /* Domain */,
				3DB454C724DAA18F00F0D613 /* Presentation */,
				3DB454D424DAA23B00F0D613 /* Utils */,
				3DB454CA24DAA1A900F0D613 /* Resources */,
			);
			path = TodoList;
			sourceTree = "<group>";
		};
		3DB454C724DAA18F00F0D613 /* Presentation */ = {
			isa = PBXGroup;
			children = (
				3D7BB82224E032C9009C6618 /* StoreState */,
				3DB454F224DAAF3600F0D613 /* Observable */,
				3DB454E424DAA47F00F0D613 /* Coordinator */,
				3DB454CB24DAA1D300F0D613 /* List */,
				3DB4550A24DAE39C00F0D613 /* Detail */,
				3D82C5982508B3C0002FA122 /* Add */,
			);
			path = Presentation;
			sourceTree = "<group>";
		};
		3DB454C824DAA19500F0D613 /* Application */ = {
			isa = PBXGroup;
			children = (
				3DB454B524DAA15D00F0D613 /* AppDelegate.swift */,
				3DB454E024DAA46900F0D613 /* AppCoordinator.swift */,
				3D0411DC24DAE92E00969778 /* AppConfiguration.swift */,
				3DB454DF24DAA44D00F0D613 /* DIContainer */,
			);
			path = Application;
			sourceTree = "<group>";
		};
		3DB454CA24DAA1A900F0D613 /* Resources */ = {
			isa = PBXGroup;
			children = (
				3DB454BC24DAA15F00F0D613 /* Assets.xcassets */,
				3DB454BE24DAA15F00F0D613 /* LaunchScreen.storyboard */,
				3DB454C124DAA15F00F0D613 /* Info.plist */,
			);
			name = Resources;
			sourceTree = "<group>";
		};
		3DB454CB24DAA1D300F0D613 /* List */ = {
			isa = PBXGroup;
			children = (
				3DB454D124DAA1F100F0D613 /* ViewModel */,
				3DB454D024DAA1ED00F0D613 /* View */,
			);
			path = List;
			sourceTree = "<group>";
		};
		3DB454D024DAA1ED00F0D613 /* View */ = {
			isa = PBXGroup;
			children = (
				3DB454CC24DAA1E800F0D613 /* ListViewController.swift */,
				3DB454CD24DAA1E800F0D613 /* ListViewController.xib */,
				3DB454FB24DAB60D00F0D613 /* Cell */,
				3DB454EB24DAAAD100F0D613 /* TableListView */,
			);
			path = View;
			sourceTree = "<group>";
		};
		3DB454D124DAA1F100F0D613 /* ViewModel */ = {
			isa = PBXGroup;
			children = (
				3DB454D224DAA1F800F0D613 /* ListViewModel.swift */,
				3DB4550824DAE22B00F0D613 /* ListViewModelIO.swift */,
				3D5B527724DC06B0006018BE /* ListViewModelState.swift */,
			);
			path = ViewModel;
			sourceTree = "<group>";
		};
		3DB454D424DAA23B00F0D613 /* Utils */ = {
			isa = PBXGroup;
			children = (
				3DB4550224DAB83800F0D613 /* Extensions */,
				3DB454D524DAA25600F0D613 /* NibInstantiable.swift */,
			);
			path = Utils;
			sourceTree = "<group>";
		};
		3DB454D724DAA3FD00F0D613 /* Router */ = {
			isa = PBXGroup;
			children = (
				3DB454D824DAA40500F0D613 /* Router.swift */,
				3DB454DA24DAA41400F0D613 /* AppRouter.swift */,
			);
			path = Router;
			sourceTree = "<group>";
		};
		3DB454DC24DAA42900F0D613 /* Coordinator */ = {
			isa = PBXGroup;
			children = (
				3DB454DD24DAA44400F0D613 /* Coordinator.swift */,
			);
			path = Coordinator;
			sourceTree = "<group>";
		};
		3DB454DF24DAA44D00F0D613 /* DIContainer */ = {
			isa = PBXGroup;
			children = (
				3DB454E224DAA47300F0D613 /* AppDIContainer.swift */,
				3DB454E924DAA5E400F0D613 /* TodoSceneDIContainer.swift */,
			);
			name = DIContainer;
			sourceTree = "<group>";
		};
		3DB454E424DAA47F00F0D613 /* Coordinator */ = {
			isa = PBXGroup;
			children = (
				3DB454E524DAA48A00F0D613 /* TodoSceneCoordinator.swift */,
			);
			path = Coordinator;
			sourceTree = "<group>";
		};
		3DB454EB24DAAAD100F0D613 /* TableListView */ = {
			isa = PBXGroup;
			children = (
				3DB454EC24DAAAEB00F0D613 /* TableListViewController.swift */,
			);
			path = TableListView;
			sourceTree = "<group>";
		};
		3DB454EE24DAAB8800F0D613 /* Data */ = {
			isa = PBXGroup;
			children = (
				3DB454EF24DAAB9900F0D613 /* Repositories */,
			);
			path = Data;
			sourceTree = "<group>";
		};
		3DB454EF24DAAB9900F0D613 /* Repositories */ = {
			isa = PBXGroup;
			children = (
				3DB454F024DAABB500F0D613 /* TodoRepository.swift */,
			);
			path = Repositories;
			sourceTree = "<group>";
		};
		3DB454F224DAAF3600F0D613 /* Observable */ = {
			isa = PBXGroup;
			children = (
				3DB454F324DAAF4A00F0D613 /* Observable.swift */,
			);
			path = Observable;
			sourceTree = "<group>";
		};
		3DB454F524DAAFFA00F0D613 /* Domain */ = {
			isa = PBXGroup;
			children = (
				3DB454F624DAB00500F0D613 /* Model */,
			);
			path = Domain;
			sourceTree = "<group>";
		};
		3DB454F624DAB00500F0D613 /* Model */ = {
			isa = PBXGroup;
			children = (
				3DB454F924DAB01D00F0D613 /* TodoModel.swift */,
			);
			path = Model;
			sourceTree = "<group>";
		};
		3DB454FB24DAB60D00F0D613 /* Cell */ = {
			isa = PBXGroup;
			children = (
				3DB454FE24DAB63400F0D613 /* ListItemCell.swift */,
				3DB454FF24DAB63400F0D613 /* ListItemCell.xib */,
			);
			path = Cell;
			sourceTree = "<group>";
		};
		3DB4550224DAB83800F0D613 /* Extensions */ = {
			isa = PBXGroup;
			children = (
				3DB4550324DAB84700F0D613 /* ViewControllerExtension.swift */,
			);
			path = Extensions;
			sourceTree = "<group>";
		};
		3DB4550A24DAE39C00F0D613 /* Detail */ = {
			isa = PBXGroup;
			children = (
				3DB4551124DAE3C900F0D613 /* ViewModel */,
				3DB4551024DAE3C400F0D613 /* View */,
			);
			path = Detail;
			sourceTree = "<group>";
		};
		3DB4551024DAE3C400F0D613 /* View */ = {
			isa = PBXGroup;
			children = (
				3DB4550B24DAE3AF00F0D613 /* DetailViewController.swift */,
				3DB4550C24DAE3AF00F0D613 /* DetailViewController.xib */,
			);
			path = View;
			sourceTree = "<group>";
		};
		3DB4551124DAE3C900F0D613 /* ViewModel */ = {
			isa = PBXGroup;
			children = (
				3DB4551224DAE3DA00F0D613 /* DetailViewModel.swift */,
				3DB4551424DAE3E000F0D613 /* DetailViewModelIO.swift */,
			);
			path = ViewModel;
			sourceTree = "<group>";
		};
/* End PBXGroup section */

/* Begin PBXNativeTarget section */
		3DB454B124DAA15D00F0D613 /* TodoList */ = {
			isa = PBXNativeTarget;
			buildConfigurationList = 3DB454C424DAA15F00F0D613 /* Build configuration list for PBXNativeTarget "TodoList" */;
			buildPhases = (
				3DB454AE24DAA15D00F0D613 /* Sources */,
				3DB454AF24DAA15D00F0D613 /* Frameworks */,
				3DB454B024DAA15D00F0D613 /* Resources */,
			);
			buildRules = (
			);
			dependencies = (
			);
			name = TodoList;
			productName = TodoList;
			productReference = 3DB454B224DAA15D00F0D613 /* TodoList.app */;
			productType = "com.apple.product-type.application";
		};
/* End PBXNativeTarget section */

/* Begin PBXProject section */
		3DB454AA24DAA15D00F0D613 /* Project object */ = {
			isa = PBXProject;
			attributes = {
				LastSwiftUpdateCheck = 1030;
				LastUpgradeCheck = 1030;
				ORGANIZATIONNAME = william;
				TargetAttributes = {
					3DB454B124DAA15D00F0D613 = {
						CreatedOnToolsVersion = 10.3;
					};
				};
			};
			buildConfigurationList = 3DB454AD24DAA15D00F0D613 /* Build configuration list for PBXProject "TodoList" */;
			compatibilityVersion = "Xcode 9.3";
			developmentRegion = en;
			hasScannedForEncodings = 0;
			knownRegions = (
				en,
				Base,
			);
			mainGroup = 3DB454A924DAA15D00F0D613;
			productRefGroup = 3DB454B324DAA15D00F0D613 /* Products */;
			projectDirPath = "";
			projectRoot = "";
			targets = (
				3DB454B124DAA15D00F0D613 /* TodoList */,
			);
		};
/* End PBXProject section */

/* Begin PBXResourcesBuildPhase section */
		3DB454B024DAA15D00F0D613 /* Resources */ = {
			isa = PBXResourcesBuildPhase;
			buildActionMask = 2147483647;
			files = (
				3D82C59E2508B472002FA122 /* AddViewController.xib in Resources */,
				3DB4550124DAB63400F0D613 /* ListItemCell.xib in Resources */,
				3DB454C024DAA15F00F0D613 /* LaunchScreen.storyboard in Resources */,
				3DB4550E24DAE3AF00F0D613 /* DetailViewController.xib in Resources */,
				3DB454BD24DAA15F00F0D613 /* Assets.xcassets in Resources */,
				3DB454CF24DAA1E800F0D613 /* ListViewController.xib in Resources */,
			);
			runOnlyForDeploymentPostprocessing = 0;
		};
/* End PBXResourcesBuildPhase section */

/* Begin PBXSourcesBuildPhase section */
		3DB454AE24DAA15D00F0D613 /* Sources */ = {
			isa = PBXSourcesBuildPhase;
			buildActionMask = 2147483647;
			files = (
				3DB454CE24DAA1E800F0D613 /* ListViewController.swift in Sources */,
				3DB454B624DAA15D00F0D613 /* AppDelegate.swift in Sources */,
				3DB454F124DAABB500F0D613 /* TodoRepository.swift in Sources */,
				3DB4551324DAE3DA00F0D613 /* DetailViewModel.swift in Sources */,
				3DB454FA24DAB01D00F0D613 /* TodoModel.swift in Sources */,
				3DB454DB24DAA41400F0D613 /* AppRouter.swift in Sources */,
				3D82C5A52508B4E5002FA122 /* AddViewModel.swift in Sources */,
				3DB454ED24DAAAEB00F0D613 /* TableListViewController.swift in Sources */,
				3DB454D924DAA40500F0D613 /* Router.swift in Sources */,
				3D5B527824DC06B0006018BE /* ListViewModelState.swift in Sources */,
				3DB454E124DAA46900F0D613 /* AppCoordinator.swift in Sources */,
				3DB4550024DAB63400F0D613 /* ListItemCell.swift in Sources */,
				3DB454E624DAA48A00F0D613 /* TodoSceneCoordinator.swift in Sources */,
				3DB4550D24DAE3AF00F0D613 /* DetailViewController.swift in Sources */,
				3DB454D324DAA1F800F0D613 /* ListViewModel.swift in Sources */,
				3DB454D624DAA25600F0D613 /* NibInstantiable.swift in Sources */,
				3D82C59D2508B472002FA122 /* AddViewController.swift in Sources */,
				3DB454F424DAAF4A00F0D613 /* Observable.swift in Sources */,
				3DB4551524DAE3E000F0D613 /* DetailViewModelIO.swift in Sources */,
				3D7BB82624E03355009C6618 /* DataState.swift in Sources */,
				3D0411DD24DAE92E00969778 /* AppConfiguration.swift in Sources */,
				3DB454EA24DAA5E400F0D613 /* TodoSceneDIContainer.swift in Sources */,
				3DB4550424DAB84700F0D613 /* ViewControllerExtension.swift in Sources */,
				3DB454DE24DAA44400F0D613 /* Coordinator.swift in Sources */,
				3DB4550924DAE22B00F0D613 /* ListViewModelIO.swift in Sources */,
				3D82C5A32508B4DE002FA122 /* AddViewModelIO.swift in Sources */,
				3DB454E324DAA47300F0D613 /* AppDIContainer.swift in Sources */,
			);
			runOnlyForDeploymentPostprocessing = 0;
		};
/* End PBXSourcesBuildPhase section */

/* Begin PBXVariantGroup section */
		3DB454BE24DAA15F00F0D613 /* LaunchScreen.storyboard */ = {
			isa = PBXVariantGroup;
			children = (
				3DB454BF24DAA15F00F0D613 /* Base */,
			);
			name = LaunchScreen.storyboard;
			sourceTree = "<group>";
		};
/* End PBXVariantGroup section */

/* Begin XCBuildConfiguration section */
		3DB454C224DAA15F00F0D613 /* Debug */ = {
			isa = XCBuildConfiguration;
			buildSettings = {
				ALWAYS_SEARCH_USER_PATHS = NO;
				CLANG_ANALYZER_NONNULL = YES;
				CLANG_ANALYZER_NUMBER_OBJECT_CONVERSION = YES_AGGRESSIVE;
				CLANG_CXX_LANGUAGE_STANDARD = "gnu++14";
				CLANG_CXX_LIBRARY = "libc++";
				CLANG_ENABLE_MODULES = YES;
				CLANG_ENABLE_OBJC_ARC = YES;
				CLANG_ENABLE_OBJC_WEAK = YES;
				CLANG_WARN_BLOCK_CAPTURE_AUTORELEASING = YES;
				CLANG_WARN_BOOL_CONVERSION = YES;
				CLANG_WARN_COMMA = YES;
				CLANG_WARN_CONSTANT_CONVERSION = YES;
				CLANG_WARN_DEPRECATED_OBJC_IMPLEMENTATIONS = YES;
				CLANG_WARN_DIRECT_OBJC_ISA_USAGE = YES_ERROR;
				CLANG_WARN_DOCUMENTATION_COMMENTS = YES;
				CLANG_WARN_EMPTY_BODY = YES;
				CLANG_WARN_ENUM_CONVERSION = YES;
				CLANG_WARN_INFINITE_RECURSION = YES;
				CLANG_WARN_INT_CONVERSION = YES;
				CLANG_WARN_NON_LITERAL_NULL_CONVERSION = YES;
				CLANG_WARN_OBJC_IMPLICIT_RETAIN_SELF = YES;
				CLANG_WARN_OBJC_LITERAL_CONVERSION = YES;
				CLANG_WARN_OBJC_ROOT_CLASS = YES_ERROR;
				CLANG_WARN_RANGE_LOOP_ANALYSIS = YES;
				CLANG_WARN_STRICT_PROTOTYPES = YES;
				CLANG_WARN_SUSPICIOUS_MOVE = YES;
				CLANG_WARN_UNGUARDED_AVAILABILITY = YES_AGGRESSIVE;
				CLANG_WARN_UNREACHABLE_CODE = YES;
				CLANG_WARN__DUPLICATE_METHOD_MATCH = YES;
				CODE_SIGN_IDENTITY = "iPhone Developer";
				COPY_PHASE_STRIP = NO;
				DEBUG_INFORMATION_FORMAT = dwarf;
				ENABLE_STRICT_OBJC_MSGSEND = YES;
				ENABLE_TESTABILITY = YES;
				GCC_C_LANGUAGE_STANDARD = gnu11;
				GCC_DYNAMIC_NO_PIC = NO;
				GCC_NO_COMMON_BLOCKS = YES;
				GCC_OPTIMIZATION_LEVEL = 0;
				GCC_PREPROCESSOR_DEFINITIONS = (
					"DEBUG=1",
					"$(inherited)",
				);
				GCC_WARN_64_TO_32_BIT_CONVERSION = YES;
				GCC_WARN_ABOUT_RETURN_TYPE = YES_ERROR;
				GCC_WARN_UNDECLARED_SELECTOR = YES;
				GCC_WARN_UNINITIALIZED_AUTOS = YES_AGGRESSIVE;
				GCC_WARN_UNUSED_FUNCTION = YES;
				GCC_WARN_UNUSED_VARIABLE = YES;
				IPHONEOS_DEPLOYMENT_TARGET = 13.0;
				MTL_ENABLE_DEBUG_INFO = INCLUDE_SOURCE;
				MTL_FAST_MATH = YES;
				ONLY_ACTIVE_ARCH = YES;
				SDKROOT = iphoneos;
				SWIFT_ACTIVE_COMPILATION_CONDITIONS = DEBUG;
				SWIFT_OPTIMIZATION_LEVEL = "-Onone";
			};
			name = Debug;
		};
		3DB454C324DAA15F00F0D613 /* Release */ = {
			isa = XCBuildConfiguration;
			buildSettings = {
				ALWAYS_SEARCH_USER_PATHS = NO;
				CLANG_ANALYZER_NONNULL = YES;
				CLANG_ANALYZER_NUMBER_OBJECT_CONVERSION = YES_AGGRESSIVE;
				CLANG_CXX_LANGUAGE_STANDARD = "gnu++14";
				CLANG_CXX_LIBRARY = "libc++";
				CLANG_ENABLE_MODULES = YES;
				CLANG_ENABLE_OBJC_ARC = YES;
				CLANG_ENABLE_OBJC_WEAK = YES;
				CLANG_WARN_BLOCK_CAPTURE_AUTORELEASING = YES;
				CLANG_WARN_BOOL_CONVERSION = YES;
				CLANG_WARN_COMMA = YES;
				CLANG_WARN_CONSTANT_CONVERSION = YES;
				CLANG_WARN_DEPRECATED_OBJC_IMPLEMENTATIONS = YES;
				CLANG_WARN_DIRECT_OBJC_ISA_USAGE = YES_ERROR;
				CLANG_WARN_DOCUMENTATION_COMMENTS = YES;
				CLANG_WARN_EMPTY_BODY = YES;
				CLANG_WARN_ENUM_CONVERSION = YES;
				CLANG_WARN_INFINITE_RECURSION = YES;
				CLANG_WARN_INT_CONVERSION = YES;
				CLANG_WARN_NON_LITERAL_NULL_CONVERSION = YES;
				CLANG_WARN_OBJC_IMPLICIT_RETAIN_SELF = YES;
				CLANG_WARN_OBJC_LITERAL_CONVERSION = YES;
				CLANG_WARN_OBJC_ROOT_CLASS = YES_ERROR;
				CLANG_WARN_RANGE_LOOP_ANALYSIS = YES;
				CLANG_WARN_STRICT_PROTOTYPES = YES;
				CLANG_WARN_SUSPICIOUS_MOVE = YES;
				CLANG_WARN_UNGUARDED_AVAILABILITY = YES_AGGRESSIVE;
				CLANG_WARN_UNREACHABLE_CODE = YES;
				CLANG_WARN__DUPLICATE_METHOD_MATCH = YES;
				CODE_SIGN_IDENTITY = "iPhone Developer";
				COPY_PHASE_STRIP = NO;
				DEBUG_INFORMATION_FORMAT = "dwarf-with-dsym";
				ENABLE_NS_ASSERTIONS = NO;
				ENABLE_STRICT_OBJC_MSGSEND = YES;
				GCC_C_LANGUAGE_STANDARD = gnu11;
				GCC_NO_COMMON_BLOCKS = YES;
				GCC_WARN_64_TO_32_BIT_CONVERSION = YES;
				GCC_WARN_ABOUT_RETURN_TYPE = YES_ERROR;
				GCC_WARN_UNDECLARED_SELECTOR = YES;
				GCC_WARN_UNINITIALIZED_AUTOS = YES_AGGRESSIVE;
				GCC_WARN_UNUSED_FUNCTION = YES;
				GCC_WARN_UNUSED_VARIABLE = YES;
				IPHONEOS_DEPLOYMENT_TARGET = 13.0;
				MTL_ENABLE_DEBUG_INFO = NO;
				MTL_FAST_MATH = YES;
				SDKROOT = iphoneos;
				SWIFT_COMPILATION_MODE = wholemodule;
				SWIFT_OPTIMIZATION_LEVEL = "-O";
				VALIDATE_PRODUCT = YES;
			};
			name = Release;
		};
		3DB454C524DAA15F00F0D613 /* Debug */ = {
			isa = XCBuildConfiguration;
			buildSettings = {
				API_BASE_URL = "https://yourapiurl.com";
				API_KEY = PUTAPIKEYHERE;
				ASSETCATALOG_COMPILER_APPICON_NAME = AppIcon;
				CODE_SIGN_STYLE = Automatic;
				DEVELOPMENT_TEAM = BY8P5XC76R;
				INFOPLIST_FILE = TodoList/Info.plist;
				LD_RUNPATH_SEARCH_PATHS = (
					"$(inherited)",
					"@executable_path/Frameworks",
				);
				PRODUCT_BUNDLE_IDENTIFIER = com.william.TodoList;
				PRODUCT_NAME = "$(TARGET_NAME)";
				SWIFT_VERSION = 5.0;
				TARGETED_DEVICE_FAMILY = "1,2";
			};
			name = Debug;
		};
		3DB454C624DAA15F00F0D613 /* Release */ = {
			isa = XCBuildConfiguration;
			buildSettings = {
				API_BASE_URL = "https://yourapiurl.com";
				API_KEY = PUTAPIKEYHERE;
				ASSETCATALOG_COMPILER_APPICON_NAME = AppIcon;
				CODE_SIGN_STYLE = Automatic;
				DEVELOPMENT_TEAM = BY8P5XC76R;
				INFOPLIST_FILE = TodoList/Info.plist;
				LD_RUNPATH_SEARCH_PATHS = (
					"$(inherited)",
					"@executable_path/Frameworks",
				);
				PRODUCT_BUNDLE_IDENTIFIER = com.william.TodoList;
				PRODUCT_NAME = "$(TARGET_NAME)";
				SWIFT_VERSION = 5.0;
				TARGETED_DEVICE_FAMILY = "1,2";
			};
			name = Release;
		};
/* End XCBuildConfiguration section */

/* Begin XCConfigurationList section */
		3DB454AD24DAA15D00F0D613 /* Build configuration list for PBXProject "TodoList" */ = {
			isa = XCConfigurationList;
			buildConfigurations = (
				3DB454C224DAA15F00F0D613 /* Debug */,
				3DB454C324DAA15F00F0D613 /* Release */,
			);
			defaultConfigurationIsVisible = 0;
			defaultConfigurationName = Release;
		};
		3DB454C424DAA15F00F0D613 /* Build configuration list for PBXNativeTarget "TodoList" */ = {
			isa = XCConfigurationList;
			buildConfigurations = (
				3DB454C524DAA15F00F0D613 /* Debug */,
				3DB454C624DAA15F00F0D613 /* Release */,
			);
			defaultConfigurationIsVisible = 0;
			defaultConfigurationName = Release;
		};
/* End XCConfigurationList section */
	};
	rootObject = 3DB454AA24DAA15D00F0D613 /* Project object */;
}
