// !$*UTF8*$!
{
	archiveVersion = 1;
	classes = {
	};
	objectVersion = 50;
	objects = {

/* Begin PBXBuildFile section */
		5E2DBEB0238275D50004F64F /* AppDelegate.swift in Sources */ = {isa = PBXBuildFile; fileRef = 5E2DBEAF238275D50004F64F /* AppDelegate.swift */; };
		5E2DBEB2238275D50004F64F /* SceneDelegate.swift in Sources */ = {isa = PBXBuildFile; fileRef = 5E2DBEB1238275D50004F64F /* SceneDelegate.swift */; };
		5E2DBEB9238275D90004F64F /* Assets.xcassets in Resources */ = {isa = PBXBuildFile; fileRef = 5E2DBEB8238275D90004F64F /* Assets.xcassets */; };
		5E2DBEBC238275D90004F64F /* LaunchScreen.storyboard in Resources */ = {isa = PBXBuildFile; fileRef = 5E2DBEBA238275D90004F64F /* LaunchScreen.storyboard */; };
		5E2DBEC7238275D90004F64F /* TodoListTests.swift in Sources */ = {isa = PBXBuildFile; fileRef = 5E2DBEC6238275D90004F64F /* TodoListTests.swift */; };
		5E2DBED2238275D90004F64F /* TodoListUITests.swift in Sources */ = {isa = PBXBuildFile; fileRef = 5E2DBED1238275D90004F64F /* TodoListUITests.swift */; };
		5E9509D223827BE80057402A /* ListViewController.swift in Sources */ = {isa = PBXBuildFile; fileRef = 5E9509D023827BE80057402A /* ListViewController.swift */; };
		5E9509D323827BE80057402A /* ListViewController.xib in Resources */ = {isa = PBXBuildFile; fileRef = 5E9509D123827BE80057402A /* ListViewController.xib */; };
		5E9509DD23827C710057402A /* ListView.swift in Sources */ = {isa = PBXBuildFile; fileRef = 5E9509DC23827C710057402A /* ListView.swift */; };
		5E9509E023827CCB0057402A /* ListPresenter.swift in Sources */ = {isa = PBXBuildFile; fileRef = 5E9509DF23827CCB0057402A /* ListPresenter.swift */; };
		5E9509E223827CDE0057402A /* ListEvent.swift in Sources */ = {isa = PBXBuildFile; fileRef = 5E9509E123827CDE0057402A /* ListEvent.swift */; };
		5E9509E523827D070057402A /* ListInteractorIO.swift in Sources */ = {isa = PBXBuildFile; fileRef = 5E9509E423827D070057402A /* ListInteractorIO.swift */; };
		5E9509E723827D1E0057402A /* ListInteractor.swift in Sources */ = {isa = PBXBuildFile; fileRef = 5E9509E623827D1E0057402A /* ListInteractor.swift */; };
		5E9509EA23827D420057402A /* Router.swift in Sources */ = {isa = PBXBuildFile; fileRef = 5E9509E923827D420057402A /* Router.swift */; };
		5E9509EC23827D6F0057402A /* ListRouter.swift in Sources */ = {isa = PBXBuildFile; fileRef = 5E9509EB23827D6F0057402A /* ListRouter.swift */; };
		5E9509F223827EAC0057402A /* MockListView.swift in Sources */ = {isa = PBXBuildFile; fileRef = 5E9509F123827EAC0057402A /* MockListView.swift */; };
		5E9509F423827ECB0057402A /* MockListEvent.swift in Sources */ = {isa = PBXBuildFile; fileRef = 5E9509F323827ECB0057402A /* MockListEvent.swift */; };
		5E9509F623827EE40057402A /* MockListInteractorInput.swift in Sources */ = {isa = PBXBuildFile; fileRef = 5E9509F523827EE40057402A /* MockListInteractorInput.swift */; };
		5E9509F823827EF90057402A /* MockListInteractorOutput.swift in Sources */ = {isa = PBXBuildFile; fileRef = 5E9509F723827EF90057402A /* MockListInteractorOutput.swift */; };
		5E9509FA23827F0D0057402A /* MockListRouter.swift in Sources */ = {isa = PBXBuildFile; fileRef = 5E9509F923827F0D0057402A /* MockListRouter.swift */; };
		5E950A3C238280080057402A /* TodoList.xcdatamodeld in Sources */ = {isa = PBXBuildFile; fileRef = 5E950A3A238280080057402A /* TodoList.xcdatamodeld */; };
		5E950A3F238282450057402A /* CoreDataManager.swift in Sources */ = {isa = PBXBuildFile; fileRef = 5E950A3E238282450057402A /* CoreDataManager.swift */; };
		5E950A412382827E0057402A /* Entity.swift in Sources */ = {isa = PBXBuildFile; fileRef = 5E950A402382827E0057402A /* Entity.swift */; };
		5E950A45238285030057402A /* Todo.swift in Sources */ = {isa = PBXBuildFile; fileRef = 5E950A44238285030057402A /* Todo.swift */; };
		5E950A4A238287320057402A /* MockCoreDataManager.swift in Sources */ = {isa = PBXBuildFile; fileRef = 5E950A49238287320057402A /* MockCoreDataManager.swift */; };
		5E950A4D238288BD0057402A /* MockPersistentContainer.swift in Sources */ = {isa = PBXBuildFile; fileRef = 5E950A4C238288BD0057402A /* MockPersistentContainer.swift */; };
		5E950A5523828B4C0057402A /* TodoTests.swift in Sources */ = {isa = PBXBuildFile; fileRef = 5E950A5423828B4C0057402A /* TodoTests.swift */; };
		5E950A58238293250057402A /* ListInteractorTests.swift in Sources */ = {isa = PBXBuildFile; fileRef = 5E950A57238293250057402A /* ListInteractorTests.swift */; };
		5E950A5A238298C70057402A /* ListPresenterTests.swift in Sources */ = {isa = PBXBuildFile; fileRef = 5E950A59238298C70057402A /* ListPresenterTests.swift */; };
		5E950A5C23829BCA0057402A /* ListViewTests.swift in Sources */ = {isa = PBXBuildFile; fileRef = 5E950A5B23829BCA0057402A /* ListViewTests.swift */; };
		5E950A6123829DBE0057402A /* ListItemCell.swift in Sources */ = {isa = PBXBuildFile; fileRef = 5E950A5F23829DBE0057402A /* ListItemCell.swift */; };
		5E950A6223829DBE0057402A /* ListItemCell.xib in Resources */ = {isa = PBXBuildFile; fileRef = 5E950A6023829DBE0057402A /* ListItemCell.xib */; };
		5E950A662382A42C0057402A /* AddListViewController.swift in Sources */ = {isa = PBXBuildFile; fileRef = 5E950A642382A42C0057402A /* AddListViewController.swift */; };
		5E950A672382A42C0057402A /* AddListViewController.xib in Resources */ = {isa = PBXBuildFile; fileRef = 5E950A652382A42C0057402A /* AddListViewController.xib */; };
		5E950A6A2382A43D0057402A /* AddListPresenter.swift in Sources */ = {isa = PBXBuildFile; fileRef = 5E950A692382A43D0057402A /* AddListPresenter.swift */; };
		5E950A6C2382A4430057402A /* AddListEvent.swift in Sources */ = {isa = PBXBuildFile; fileRef = 5E950A6B2382A4430057402A /* AddListEvent.swift */; };
		5E950A6F2382A45D0057402A /* AddListInteractorIO.swift in Sources */ = {isa = PBXBuildFile; fileRef = 5E950A6E2382A45D0057402A /* AddListInteractorIO.swift */; };
		5E950A712382A4790057402A /* AddListInteractor.swift in Sources */ = {isa = PBXBuildFile; fileRef = 5E950A702382A4790057402A /* AddListInteractor.swift */; };
		5E950A732382A4AB0057402A /* AddListView.swift in Sources */ = {isa = PBXBuildFile; fileRef = 5E950A722382A4AB0057402A /* AddListView.swift */; };
		5E950A762382A4E20057402A /* AddListRouter.swift in Sources */ = {isa = PBXBuildFile; fileRef = 5E950A752382A4E20057402A /* AddListRouter.swift */; };
		5E950A792382A5DE0057402A /* MockAddListView.swift in Sources */ = {isa = PBXBuildFile; fileRef = 5E950A782382A5DE0057402A /* MockAddListView.swift */; };
		5E950A7B2382A5F80057402A /* MockAddListEvent.swift in Sources */ = {isa = PBXBuildFile; fileRef = 5E950A7A2382A5F80057402A /* MockAddListEvent.swift */; };
		5E950A7D2382A6110057402A /* MockAddListInteractorInput.swift in Sources */ = {isa = PBXBuildFile; fileRef = 5E950A7C2382A6110057402A /* MockAddListInteractorInput.swift */; };
		5E950A7F2382A6290057402A /* MockAddListInteractorOutput.swift in Sources */ = {isa = PBXBuildFile; fileRef = 5E950A7E2382A6290057402A /* MockAddListInteractorOutput.swift */; };
		5E950A812382A64B0057402A /* MockAddListRouter.swift in Sources */ = {isa = PBXBuildFile; fileRef = 5E950A802382A64B0057402A /* MockAddListRouter.swift */; };
		5E950A832382AA970057402A /* MockListViewController.swift in Sources */ = {isa = PBXBuildFile; fileRef = 5E950A822382AA970057402A /* MockListViewController.swift */; };
		5E950A882382C8780057402A /* AddListViewTests.swift in Sources */ = {isa = PBXBuildFile; fileRef = 5E950A872382C8780057402A /* AddListViewTests.swift */; };
		5E950A8E2382CEA70057402A /* AddListPresenterTests.swift in Sources */ = {isa = PBXBuildFile; fileRef = 5E950A8D2382CEA70057402A /* AddListPresenterTests.swift */; };
		5E950A912382D0070057402A /* AddListInteractorTests.swift in Sources */ = {isa = PBXBuildFile; fileRef = 5E950A902382D0070057402A /* AddListInteractorTests.swift */; };
/* End PBXBuildFile section */

/* Begin PBXContainerItemProxy section */
		5E2DBEC3238275D90004F64F /* PBXContainerItemProxy */ = {
			isa = PBXContainerItemProxy;
			containerPortal = 5E2DBEA4238275D50004F64F /* Project object */;
			proxyType = 1;
			remoteGlobalIDString = 5E2DBEAB238275D50004F64F;
			remoteInfo = TodoList;
		};
		5E2DBECE238275D90004F64F /* PBXContainerItemProxy */ = {
			isa = PBXContainerItemProxy;
			containerPortal = 5E2DBEA4238275D50004F64F /* Project object */;
			proxyType = 1;
			remoteGlobalIDString = 5E2DBEAB238275D50004F64F;
			remoteInfo = TodoList;
		};
/* End PBXContainerItemProxy section */

/* Begin PBXFileReference section */
		5E2DBEAC238275D50004F64F /* TodoList.app */ = {isa = PBXFileReference; explicitFileType = wrapper.application; includeInIndex = 0; path = TodoList.app; sourceTree = BUILT_PRODUCTS_DIR; };
		5E2DBEAF238275D50004F64F /* AppDelegate.swift */ = {isa = PBXFileReference; lastKnownFileType = sourcecode.swift; path = AppDelegate.swift; sourceTree = "<group>"; };
		5E2DBEB1238275D50004F64F /* SceneDelegate.swift */ = {isa = PBXFileReference; lastKnownFileType = sourcecode.swift; path = SceneDelegate.swift; sourceTree = "<group>"; };
		5E2DBEB8238275D90004F64F /* Assets.xcassets */ = {isa = PBXFileReference; lastKnownFileType = folder.assetcatalog; path = Assets.xcassets; sourceTree = "<group>"; };
		5E2DBEBB238275D90004F64F /* Base */ = {isa = PBXFileReference; lastKnownFileType = file.storyboard; name = Base; path = Base.lproj/LaunchScreen.storyboard; sourceTree = "<group>"; };
		5E2DBEBD238275D90004F64F /* Info.plist */ = {isa = PBXFileReference; lastKnownFileType = text.plist.xml; path = Info.plist; sourceTree = "<group>"; };
		5E2DBEC2238275D90004F64F /* TodoListTests.xctest */ = {isa = PBXFileReference; explicitFileType = wrapper.cfbundle; includeInIndex = 0; path = TodoListTests.xctest; sourceTree = BUILT_PRODUCTS_DIR; };
		5E2DBEC6238275D90004F64F /* TodoListTests.swift */ = {isa = PBXFileReference; lastKnownFileType = sourcecode.swift; path = TodoListTests.swift; sourceTree = "<group>"; };
		5E2DBEC8238275D90004F64F /* Info.plist */ = {isa = PBXFileReference; lastKnownFileType = text.plist.xml; path = Info.plist; sourceTree = "<group>"; };
		5E2DBECD238275D90004F64F /* TodoListUITests.xctest */ = {isa = PBXFileReference; explicitFileType = wrapper.cfbundle; includeInIndex = 0; path = TodoListUITests.xctest; sourceTree = BUILT_PRODUCTS_DIR; };
		5E2DBED1238275D90004F64F /* TodoListUITests.swift */ = {isa = PBXFileReference; lastKnownFileType = sourcecode.swift; path = TodoListUITests.swift; sourceTree = "<group>"; };
		5E2DBED3238275D90004F64F /* Info.plist */ = {isa = PBXFileReference; lastKnownFileType = text.plist.xml; path = Info.plist; sourceTree = "<group>"; };
		5E9509D023827BE80057402A /* ListViewController.swift */ = {isa = PBXFileReference; lastKnownFileType = sourcecode.swift; path = ListViewController.swift; sourceTree = "<group>"; };
		5E9509D123827BE80057402A /* ListViewController.xib */ = {isa = PBXFileReference; lastKnownFileType = file.xib; path = ListViewController.xib; sourceTree = "<group>"; };
		5E9509DC23827C710057402A /* ListView.swift */ = {isa = PBXFileReference; lastKnownFileType = sourcecode.swift; path = ListView.swift; sourceTree = "<group>"; };
		5E9509DF23827CCB0057402A /* ListPresenter.swift */ = {isa = PBXFileReference; lastKnownFileType = sourcecode.swift; path = ListPresenter.swift; sourceTree = "<group>"; };
		5E9509E123827CDE0057402A /* ListEvent.swift */ = {isa = PBXFileReference; lastKnownFileType = sourcecode.swift; path = ListEvent.swift; sourceTree = "<group>"; };
		5E9509E423827D070057402A /* ListInteractorIO.swift */ = {isa = PBXFileReference; lastKnownFileType = sourcecode.swift; path = ListInteractorIO.swift; sourceTree = "<group>"; };
		5E9509E623827D1E0057402A /* ListInteractor.swift */ = {isa = PBXFileReference; lastKnownFileType = sourcecode.swift; path = ListInteractor.swift; sourceTree = "<group>"; };
		5E9509E923827D420057402A /* Router.swift */ = {isa = PBXFileReference; lastKnownFileType = sourcecode.swift; path = Router.swift; sourceTree = "<group>"; };
		5E9509EB23827D6F0057402A /* ListRouter.swift */ = {isa = PBXFileReference; lastKnownFileType = sourcecode.swift; path = ListRouter.swift; sourceTree = "<group>"; };
		5E9509F123827EAC0057402A /* MockListView.swift */ = {isa = PBXFileReference; lastKnownFileType = sourcecode.swift; path = MockListView.swift; sourceTree = "<group>"; };
		5E9509F323827ECB0057402A /* MockListEvent.swift */ = {isa = PBXFileReference; lastKnownFileType = sourcecode.swift; path = MockListEvent.swift; sourceTree = "<group>"; };
		5E9509F523827EE40057402A /* MockListInteractorInput.swift */ = {isa = PBXFileReference; lastKnownFileType = sourcecode.swift; path = MockListInteractorInput.swift; sourceTree = "<group>"; };
		5E9509F723827EF90057402A /* MockListInteractorOutput.swift */ = {isa = PBXFileReference; lastKnownFileType = sourcecode.swift; path = MockListInteractorOutput.swift; sourceTree = "<group>"; };
		5E9509F923827F0D0057402A /* MockListRouter.swift */ = {isa = PBXFileReference; lastKnownFileType = sourcecode.swift; path = MockListRouter.swift; sourceTree = "<group>"; };
		5E950A3B238280080057402A /* TodoList.xcdatamodel */ = {isa = PBXFileReference; lastKnownFileType = wrapper.xcdatamodel; path = TodoList.xcdatamodel; sourceTree = "<group>"; };
		5E950A3E238282450057402A /* CoreDataManager.swift */ = {isa = PBXFileReference; lastKnownFileType = sourcecode.swift; path = CoreDataManager.swift; sourceTree = "<group>"; };
		5E950A402382827E0057402A /* Entity.swift */ = {isa = PBXFileReference; lastKnownFileType = sourcecode.swift; path = Entity.swift; sourceTree = "<group>"; };
		5E950A44238285030057402A /* Todo.swift */ = {isa = PBXFileReference; lastKnownFileType = sourcecode.swift; path = Todo.swift; sourceTree = "<group>"; };
		5E950A49238287320057402A /* MockCoreDataManager.swift */ = {isa = PBXFileReference; lastKnownFileType = sourcecode.swift; path = MockCoreDataManager.swift; sourceTree = "<group>"; };
		5E950A4C238288BD0057402A /* MockPersistentContainer.swift */ = {isa = PBXFileReference; lastKnownFileType = sourcecode.swift; path = MockPersistentContainer.swift; sourceTree = "<group>"; };
		5E950A5423828B4C0057402A /* TodoTests.swift */ = {isa = PBXFileReference; lastKnownFileType = sourcecode.swift; path = TodoTests.swift; sourceTree = "<group>"; };
		5E950A57238293250057402A /* ListInteractorTests.swift */ = {isa = PBXFileReference; lastKnownFileType = sourcecode.swift; path = ListInteractorTests.swift; sourceTree = "<group>"; };
		5E950A59238298C70057402A /* ListPresenterTests.swift */ = {isa = PBXFileReference; lastKnownFileType = sourcecode.swift; path = ListPresenterTests.swift; sourceTree = "<group>"; };
		5E950A5B23829BCA0057402A /* ListViewTests.swift */ = {isa = PBXFileReference; lastKnownFileType = sourcecode.swift; path = ListViewTests.swift; sourceTree = "<group>"; };
		5E950A5F23829DBE0057402A /* ListItemCell.swift */ = {isa = PBXFileReference; lastKnownFileType = sourcecode.swift; path = ListItemCell.swift; sourceTree = "<group>"; };
		5E950A6023829DBE0057402A /* ListItemCell.xib */ = {isa = PBXFileReference; lastKnownFileType = file.xib; path = ListItemCell.xib; sourceTree = "<group>"; };
		5E950A642382A42C0057402A /* AddListViewController.swift */ = {isa = PBXFileReference; lastKnownFileType = sourcecode.swift; path = AddListViewController.swift; sourceTree = "<group>"; };
		5E950A652382A42C0057402A /* AddListViewController.xib */ = {isa = PBXFileReference; lastKnownFileType = file.xib; path = AddListViewController.xib; sourceTree = "<group>"; };
		5E950A692382A43D0057402A /* AddListPresenter.swift */ = {isa = PBXFileReference; lastKnownFileType = sourcecode.swift; path = AddListPresenter.swift; sourceTree = "<group>"; };
		5E950A6B2382A4430057402A /* AddListEvent.swift */ = {isa = PBXFileReference; lastKnownFileType = sourcecode.swift; path = AddListEvent.swift; sourceTree = "<group>"; };
		5E950A6E2382A45D0057402A /* AddListInteractorIO.swift */ = {isa = PBXFileReference; lastKnownFileType = sourcecode.swift; path = AddListInteractorIO.swift; sourceTree = "<group>"; };
		5E950A702382A4790057402A /* AddListInteractor.swift */ = {isa = PBXFileReference; lastKnownFileType = sourcecode.swift; path = AddListInteractor.swift; sourceTree = "<group>"; };
		5E950A722382A4AB0057402A /* AddListView.swift */ = {isa = PBXFileReference; lastKnownFileType = sourcecode.swift; path = AddListView.swift; sourceTree = "<group>"; };
		5E950A752382A4E20057402A /* AddListRouter.swift */ = {isa = PBXFileReference; lastKnownFileType = sourcecode.swift; path = AddListRouter.swift; sourceTree = "<group>"; };
		5E950A782382A5DE0057402A /* MockAddListView.swift */ = {isa = PBXFileReference; lastKnownFileType = sourcecode.swift; path = MockAddListView.swift; sourceTree = "<group>"; };
		5E950A7A2382A5F80057402A /* MockAddListEvent.swift */ = {isa = PBXFileReference; lastKnownFileType = sourcecode.swift; path = MockAddListEvent.swift; sourceTree = "<group>"; };
		5E950A7C2382A6110057402A /* MockAddListInteractorInput.swift */ = {isa = PBXFileReference; lastKnownFileType = sourcecode.swift; path = MockAddListInteractorInput.swift; sourceTree = "<group>"; };
		5E950A7E2382A6290057402A /* MockAddListInteractorOutput.swift */ = {isa = PBXFileReference; lastKnownFileType = sourcecode.swift; path = MockAddListInteractorOutput.swift; sourceTree = "<group>"; };
		5E950A802382A64B0057402A /* MockAddListRouter.swift */ = {isa = PBXFileReference; lastKnownFileType = sourcecode.swift; path = MockAddListRouter.swift; sourceTree = "<group>"; };
		5E950A822382AA970057402A /* MockListViewController.swift */ = {isa = PBXFileReference; lastKnownFileType = sourcecode.swift; path = MockListViewController.swift; sourceTree = "<group>"; };
		5E950A872382C8780057402A /* AddListViewTests.swift */ = {isa = PBXFileReference; lastKnownFileType = sourcecode.swift; path = AddListViewTests.swift; sourceTree = "<group>"; };
		5E950A8D2382CEA70057402A /* AddListPresenterTests.swift */ = {isa = PBXFileReference; lastKnownFileType = sourcecode.swift; path = AddListPresenterTests.swift; sourceTree = "<group>"; };
		5E950A902382D0070057402A /* AddListInteractorTests.swift */ = {isa = PBXFileReference; lastKnownFileType = sourcecode.swift; path = AddListInteractorTests.swift; sourceTree = "<group>"; };
/* End PBXFileReference section */

/* Begin PBXFrameworksBuildPhase section */
		5E2DBEA9238275D50004F64F /* Frameworks */ = {
			isa = PBXFrameworksBuildPhase;
			buildActionMask = 2147483647;
			files = (
			);
			runOnlyForDeploymentPostprocessing = 0;
		};
		5E2DBEBF238275D90004F64F /* Frameworks */ = {
			isa = PBXFrameworksBuildPhase;
			buildActionMask = 2147483647;
			files = (
			);
			runOnlyForDeploymentPostprocessing = 0;
		};
		5E2DBECA238275D90004F64F /* Frameworks */ = {
			isa = PBXFrameworksBuildPhase;
			buildActionMask = 2147483647;
			files = (
			);
			runOnlyForDeploymentPostprocessing = 0;
		};
/* End PBXFrameworksBuildPhase section */

/* Begin PBXGroup section */
		5E2DBEA3238275D50004F64F = {
			isa = PBXGroup;
			children = (
				5E2DBEAE238275D50004F64F /* TodoList */,
				5E2DBEC5238275D90004F64F /* TodoListTests */,
				5E2DBED0238275D90004F64F /* TodoListUITests */,
				5E2DBEAD238275D50004F64F /* Products */,
			);
			sourceTree = "<group>";
		};
		5E2DBEAD238275D50004F64F /* Products */ = {
			isa = PBXGroup;
			children = (
				5E2DBEAC238275D50004F64F /* TodoList.app */,
				5E2DBEC2238275D90004F64F /* TodoListTests.xctest */,
				5E2DBECD238275D90004F64F /* TodoListUITests.xctest */,
			);
			name = Products;
			sourceTree = "<group>";
		};
		5E2DBEAE238275D50004F64F /* TodoList */ = {
			isa = PBXGroup;
			children = (
				5E9509D423827C230057402A /* Classes */,
				5E9509D523827C2C0057402A /* Resources */,
			);
			path = TodoList;
			sourceTree = "<group>";
		};
		5E2DBEC5238275D90004F64F /* TodoListTests */ = {
			isa = PBXGroup;
			children = (
				5E950A4E23828AF30057402A /* Classes */,
				5E9509ED23827E7E0057402A /* Mock */,
				5E2DBEC6238275D90004F64F /* TodoListTests.swift */,
				5E2DBEC8238275D90004F64F /* Info.plist */,
			);
			path = TodoListTests;
			sourceTree = "<group>";
		};
		5E2DBED0238275D90004F64F /* TodoListUITests */ = {
			isa = PBXGroup;
			children = (
				5E2DBED1238275D90004F64F /* TodoListUITests.swift */,
				5E2DBED3238275D90004F64F /* Info.plist */,
			);
			path = TodoListUITests;
			sourceTree = "<group>";
		};
		5E9509D423827C230057402A /* Classes */ = {
			isa = PBXGroup;
			children = (
				5E2DBEAF238275D50004F64F /* AppDelegate.swift */,
				5E2DBEB1238275D50004F64F /* SceneDelegate.swift */,
				5E950A892382CA5C0057402A /* Extensions */,
				5E950A5D23829DA80057402A /* Components */,
				5E950A3D238282350057402A /* CoreDataManager */,
				5E9509DA23827C560057402A /* Router */,
				5E9509D923827C510057402A /* Entity */,
				5E9509D823827C4D0057402A /* Presenter */,
				5E9509D723827C430057402A /* Interactor */,
				5E9509D623827C3F0057402A /* View */,
			);
			path = Classes;
			sourceTree = "<group>";
		};
		5E9509D523827C2C0057402A /* Resources */ = {
			isa = PBXGroup;
			children = (
				5E2DBEB8238275D90004F64F /* Assets.xcassets */,
				5E2DBEBA238275D90004F64F /* LaunchScreen.storyboard */,
				5E2DBEBD238275D90004F64F /* Info.plist */,
			);
			name = Resources;
			sourceTree = "<group>";
		};
		5E9509D623827C3F0057402A /* View */ = {
			isa = PBXGroup;
			children = (
				5E950A632382A41A0057402A /* AddList */,
				5E9509DB23827C660057402A /* List */,
			);
			path = View;
			sourceTree = "<group>";
		};
		5E9509D723827C430057402A /* Interactor */ = {
			isa = PBXGroup;
			children = (
				5E950A6D2382A4490057402A /* AddList */,
				5E9509E323827CF30057402A /* List */,
			);
			path = Interactor;
			sourceTree = "<group>";
		};
		5E9509D823827C4D0057402A /* Presenter */ = {
			isa = PBXGroup;
			children = (
				5E950A682382A4320057402A /* AddList */,
				5E9509DE23827CC50057402A /* List */,
			);
			path = Presenter;
			sourceTree = "<group>";
		};
		5E9509D923827C510057402A /* Entity */ = {
			isa = PBXGroup;
			children = (
				5E950A3A238280080057402A /* TodoList.xcdatamodeld */,
				5E950A402382827E0057402A /* Entity.swift */,
				5E950A44238285030057402A /* Todo.swift */,
			);
			path = Entity;
			sourceTree = "<group>";
		};
		5E9509DA23827C560057402A /* Router */ = {
			isa = PBXGroup;
			children = (
				5E9509E923827D420057402A /* Router.swift */,
				5E9509E823827D3B0057402A /* List */,
				5E950A742382A4D50057402A /* AddList */,
			);
			path = Router;
			sourceTree = "<group>";
		};
		5E9509DB23827C660057402A /* List */ = {
			isa = PBXGroup;
			children = (
				5E9509DC23827C710057402A /* ListView.swift */,
				5E9509D023827BE80057402A /* ListViewController.swift */,
				5E9509D123827BE80057402A /* ListViewController.xib */,
			);
			path = List;
			sourceTree = "<group>";
		};
		5E9509DE23827CC50057402A /* List */ = {
			isa = PBXGroup;
			children = (
				5E9509DF23827CCB0057402A /* ListPresenter.swift */,
				5E9509E123827CDE0057402A /* ListEvent.swift */,
			);
			path = List;
			sourceTree = "<group>";
		};
		5E9509E323827CF30057402A /* List */ = {
			isa = PBXGroup;
			children = (
				5E9509E623827D1E0057402A /* ListInteractor.swift */,
				5E9509E423827D070057402A /* ListInteractorIO.swift */,
			);
			path = List;
			sourceTree = "<group>";
		};
		5E9509E823827D3B0057402A /* List */ = {
			isa = PBXGroup;
			children = (
				5E9509EB23827D6F0057402A /* ListRouter.swift */,
			);
			path = List;
			sourceTree = "<group>";
		};
		5E9509ED23827E7E0057402A /* Mock */ = {
			isa = PBXGroup;
			children = (
				5E950A772382A5D20057402A /* AddList */,
				5E950A46238287170057402A /* CoreData */,
				5E9509EE23827E9C0057402A /* List */,
				5E950A4B238288A40057402A /* PersistentContainer */,
			);
			path = Mock;
			sourceTree = "<group>";
		};
		5E9509EE23827E9C0057402A /* List */ = {
			isa = PBXGroup;
			children = (
				5E9509F123827EAC0057402A /* MockListView.swift */,
				5E950A822382AA970057402A /* MockListViewController.swift */,
				5E9509F323827ECB0057402A /* MockListEvent.swift */,
				5E9509F523827EE40057402A /* MockListInteractorInput.swift */,
				5E9509F723827EF90057402A /* MockListInteractorOutput.swift */,
				5E9509F923827F0D0057402A /* MockListRouter.swift */,
			);
			path = List;
			sourceTree = "<group>";
		};
		5E950A3D238282350057402A /* CoreDataManager */ = {
			isa = PBXGroup;
			children = (
				5E950A3E238282450057402A /* CoreDataManager.swift */,
			);
			path = CoreDataManager;
			sourceTree = "<group>";
		};
		5E950A46238287170057402A /* CoreData */ = {
			isa = PBXGroup;
			children = (
				5E950A49238287320057402A /* MockCoreDataManager.swift */,
			);
			path = CoreData;
			sourceTree = "<group>";
		};
		5E950A4B238288A40057402A /* PersistentContainer */ = {
			isa = PBXGroup;
			children = (
				5E950A4C238288BD0057402A /* MockPersistentContainer.swift */,
			);
			path = PersistentContainer;
			sourceTree = "<group>";
		};
		5E950A4E23828AF30057402A /* Classes */ = {
			isa = PBXGroup;
			children = (
				5E950A5323828B0F0057402A /* Router */,
				5E950A5223828B0A0057402A /* Entity */,
				5E950A5123828B050057402A /* Presenter */,
				5E950A5023828B000057402A /* Interactor */,
				5E950A4F23828AFD0057402A /* View */,
			);
			path = Classes;
			sourceTree = "<group>";
		};
		5E950A4F23828AFD0057402A /* View */ = {
			isa = PBXGroup;
			children = (
				5E950A862382C8630057402A /* AddList */,
				5E950A842382C8500057402A /* List */,
			);
			path = View;
			sourceTree = "<group>";
		};
		5E950A5023828B000057402A /* Interactor */ = {
			isa = PBXGroup;
			children = (
				5E950A8F2382CFF70057402A /* AddList */,
				5E950A56238293120057402A /* List */,
			);
			path = Interactor;
			sourceTree = "<group>";
		};
		5E950A5123828B050057402A /* Presenter */ = {
			isa = PBXGroup;
			children = (
				5E950A8C2382CE9F0057402A /* AddList */,
				5E950A852382C85A0057402A /* List */,
			);
			path = Presenter;
			sourceTree = "<group>";
		};
		5E950A5223828B0A0057402A /* Entity */ = {
			isa = PBXGroup;
			children = (
				5E950A5423828B4C0057402A /* TodoTests.swift */,
			);
			path = Entity;
			sourceTree = "<group>";
		};
		5E950A5323828B0F0057402A /* Router */ = {
			isa = PBXGroup;
			children = (
			);
			path = Router;
			sourceTree = "<group>";
		};
		5E950A56238293120057402A /* List */ = {
			isa = PBXGroup;
			children = (
				5E950A57238293250057402A /* ListInteractorTests.swift */,
			);
			path = List;
			sourceTree = "<group>";
		};
		5E950A5D23829DA80057402A /* Components */ = {
			isa = PBXGroup;
			children = (
				5E950A5E23829DAE0057402A /* Cell */,
			);
			path = Components;
			sourceTree = "<group>";
		};
		5E950A5E23829DAE0057402A /* Cell */ = {
			isa = PBXGroup;
			children = (
				5E950A5F23829DBE0057402A /* ListItemCell.swift */,
				5E950A6023829DBE0057402A /* ListItemCell.xib */,
			);
			path = Cell;
			sourceTree = "<group>";
		};
		5E950A632382A41A0057402A /* AddList */ = {
			isa = PBXGroup;
			children = (
				5E950A722382A4AB0057402A /* AddListView.swift */,
				5E950A642382A42C0057402A /* AddListViewController.swift */,
				5E950A652382A42C0057402A /* AddListViewController.xib */,
			);
			path = AddList;
			sourceTree = "<group>";
		};
		5E950A682382A4320057402A /* AddList */ = {
			isa = PBXGroup;
			children = (
				5E950A692382A43D0057402A /* AddListPresenter.swift */,
				5E950A6B2382A4430057402A /* AddListEvent.swift */,
			);
			name = AddList;
			path = ../Interactor/AddList;
			sourceTree = "<group>";
		};
		5E950A6D2382A4490057402A /* AddList */ = {
			isa = PBXGroup;
			children = (
				5E950A6E2382A45D0057402A /* AddListInteractorIO.swift */,
				5E950A702382A4790057402A /* AddListInteractor.swift */,
			);
			name = AddList;
			path = ../Presenter/AddList;
			sourceTree = "<group>";
		};
		5E950A742382A4D50057402A /* AddList */ = {
			isa = PBXGroup;
			children = (
				5E950A752382A4E20057402A /* AddListRouter.swift */,
			);
			path = AddList;
			sourceTree = "<group>";
		};
		5E950A772382A5D20057402A /* AddList */ = {
			isa = PBXGroup;
			children = (
				5E950A782382A5DE0057402A /* MockAddListView.swift */,
				5E950A7C2382A6110057402A /* MockAddListInteractorInput.swift */,
				5E950A7A2382A5F80057402A /* MockAddListEvent.swift */,
				5E950A7E2382A6290057402A /* MockAddListInteractorOutput.swift */,
				5E950A802382A64B0057402A /* MockAddListRouter.swift */,
			);
			path = AddList;
			sourceTree = "<group>";
		};
		5E950A842382C8500057402A /* List */ = {
			isa = PBXGroup;
			children = (
				5E950A5B23829BCA0057402A /* ListViewTests.swift */,
			);
			path = List;
			sourceTree = "<group>";
		};
		5E950A852382C85A0057402A /* List */ = {
			isa = PBXGroup;
			children = (
				5E950A59238298C70057402A /* ListPresenterTests.swift */,
			);
			path = List;
			sourceTree = "<group>";
		};
		5E950A862382C8630057402A /* AddList */ = {
			isa = PBXGroup;
			children = (
				5E950A872382C8780057402A /* AddListViewTests.swift */,
			);
			path = AddList;
			sourceTree = "<group>";
		};
		5E950A892382CA5C0057402A /* Extensions */ = {
			isa = PBXGroup;
			children = (
			);
			path = Extensions;
			sourceTree = "<group>";
		};
		5E950A8C2382CE9F0057402A /* AddList */ = {
			isa = PBXGroup;
			children = (
				5E950A8D2382CEA70057402A /* AddListPresenterTests.swift */,
			);
			path = AddList;
			sourceTree = "<group>";
		};
		5E950A8F2382CFF70057402A /* AddList */ = {
			isa = PBXGroup;
			children = (
				5E950A902382D0070057402A /* AddListInteractorTests.swift */,
			);
			path = AddList;
			sourceTree = "<group>";
		};
/* End PBXGroup section */

/* Begin PBXNativeTarget section */
		5E2DBEAB238275D50004F64F /* TodoList */ = {
			isa = PBXNativeTarget;
			buildConfigurationList = 5E2DBED6238275D90004F64F /* Build configuration list for PBXNativeTarget "TodoList" */;
			buildPhases = (
				5E2DBEA8238275D50004F64F /* Sources */,
				5E2DBEA9238275D50004F64F /* Frameworks */,
				5E2DBEAA238275D50004F64F /* Resources */,
			);
			buildRules = (
			);
			dependencies = (
			);
			name = TodoList;
			productName = TodoList;
			productReference = 5E2DBEAC238275D50004F64F /* TodoList.app */;
			productType = "com.apple.product-type.application";
		};
		5E2DBEC1238275D90004F64F /* TodoListTests */ = {
			isa = PBXNativeTarget;
			buildConfigurationList = 5E2DBED9238275D90004F64F /* Build configuration list for PBXNativeTarget "TodoListTests" */;
			buildPhases = (
				5E2DBEBE238275D90004F64F /* Sources */,
				5E2DBEBF238275D90004F64F /* Frameworks */,
				5E2DBEC0238275D90004F64F /* Resources */,
			);
			buildRules = (
			);
			dependencies = (
				5E2DBEC4238275D90004F64F /* PBXTargetDependency */,
			);
			name = TodoListTests;
			productName = TodoListTests;
			productReference = 5E2DBEC2238275D90004F64F /* TodoListTests.xctest */;
			productType = "com.apple.product-type.bundle.unit-test";
		};
		5E2DBECC238275D90004F64F /* TodoListUITests */ = {
			isa = PBXNativeTarget;
			buildConfigurationList = 5E2DBEDC238275D90004F64F /* Build configuration list for PBXNativeTarget "TodoListUITests" */;
			buildPhases = (
				5E2DBEC9238275D90004F64F /* Sources */,
				5E2DBECA238275D90004F64F /* Frameworks */,
				5E2DBECB238275D90004F64F /* Resources */,
			);
			buildRules = (
			);
			dependencies = (
				5E2DBECF238275D90004F64F /* PBXTargetDependency */,
			);
			name = TodoListUITests;
			productName = TodoListUITests;
			productReference = 5E2DBECD238275D90004F64F /* TodoListUITests.xctest */;
			productType = "com.apple.product-type.bundle.ui-testing";
		};
/* End PBXNativeTarget section */

/* Begin PBXProject section */
		5E2DBEA4238275D50004F64F /* Project object */ = {
			isa = PBXProject;
			attributes = {
				LastSwiftUpdateCheck = 1110;
				LastUpgradeCheck = 1110;
				ORGANIZATIONNAME = William;
				TargetAttributes = {
					5E2DBEAB238275D50004F64F = {
						CreatedOnToolsVersion = 11.1;
					};
					5E2DBEC1238275D90004F64F = {
						CreatedOnToolsVersion = 11.1;
						TestTargetID = 5E2DBEAB238275D50004F64F;
					};
					5E2DBECC238275D90004F64F = {
						CreatedOnToolsVersion = 11.1;
						TestTargetID = 5E2DBEAB238275D50004F64F;
					};
				};
			};
			buildConfigurationList = 5E2DBEA7238275D50004F64F /* Build configuration list for PBXProject "TodoList" */;
			compatibilityVersion = "Xcode 9.3";
			developmentRegion = en;
			hasScannedForEncodings = 0;
			knownRegions = (
				en,
				Base,
			);
			mainGroup = 5E2DBEA3238275D50004F64F;
			productRefGroup = 5E2DBEAD238275D50004F64F /* Products */;
			projectDirPath = "";
			projectRoot = "";
			targets = (
				5E2DBEAB238275D50004F64F /* TodoList */,
				5E2DBEC1238275D90004F64F /* TodoListTests */,
				5E2DBECC238275D90004F64F /* TodoListUITests */,
			);
		};
/* End PBXProject section */

/* Begin PBXResourcesBuildPhase section */
		5E2DBEAA238275D50004F64F /* Resources */ = {
			isa = PBXResourcesBuildPhase;
			buildActionMask = 2147483647;
			files = (
				5E950A672382A42C0057402A /* AddListViewController.xib in Resources */,
				5E950A6223829DBE0057402A /* ListItemCell.xib in Resources */,
				5E2DBEBC238275D90004F64F /* LaunchScreen.storyboard in Resources */,
				5E2DBEB9238275D90004F64F /* Assets.xcassets in Resources */,
				5E9509D323827BE80057402A /* ListViewController.xib in Resources */,
			);
			runOnlyForDeploymentPostprocessing = 0;
		};
		5E2DBEC0238275D90004F64F /* Resources */ = {
			isa = PBXResourcesBuildPhase;
			buildActionMask = 2147483647;
			files = (
			);
			runOnlyForDeploymentPostprocessing = 0;
		};
		5E2DBECB238275D90004F64F /* Resources */ = {
			isa = PBXResourcesBuildPhase;
			buildActionMask = 2147483647;
			files = (
			);
			runOnlyForDeploymentPostprocessing = 0;
		};
/* End PBXResourcesBuildPhase section */

/* Begin PBXSourcesBuildPhase section */
		5E2DBEA8238275D50004F64F /* Sources */ = {
			isa = PBXSourcesBuildPhase;
			buildActionMask = 2147483647;
			files = (
				5E950A6C2382A4430057402A /* AddListEvent.swift in Sources */,
				5E9509E523827D070057402A /* ListInteractorIO.swift in Sources */,
				5E9509E023827CCB0057402A /* ListPresenter.swift in Sources */,
				5E9509DD23827C710057402A /* ListView.swift in Sources */,
				5E9509E223827CDE0057402A /* ListEvent.swift in Sources */,
				5E9509EA23827D420057402A /* Router.swift in Sources */,
				5E950A3C238280080057402A /* TodoList.xcdatamodeld in Sources */,
				5E950A3F238282450057402A /* CoreDataManager.swift in Sources */,
				5E950A45238285030057402A /* Todo.swift in Sources */,
				5E2DBEB0238275D50004F64F /* AppDelegate.swift in Sources */,
				5E950A762382A4E20057402A /* AddListRouter.swift in Sources */,
				5E9509D223827BE80057402A /* ListViewController.swift in Sources */,
				5E950A662382A42C0057402A /* AddListViewController.swift in Sources */,
				5E950A6A2382A43D0057402A /* AddListPresenter.swift in Sources */,
				5E9509E723827D1E0057402A /* ListInteractor.swift in Sources */,
				5E950A712382A4790057402A /* AddListInteractor.swift in Sources */,
				5E950A412382827E0057402A /* Entity.swift in Sources */,
				5E9509EC23827D6F0057402A /* ListRouter.swift in Sources */,
				5E2DBEB2238275D50004F64F /* SceneDelegate.swift in Sources */,
				5E950A6F2382A45D0057402A /* AddListInteractorIO.swift in Sources */,
				5E950A6123829DBE0057402A /* ListItemCell.swift in Sources */,
				5E950A732382A4AB0057402A /* AddListView.swift in Sources */,
			);
			runOnlyForDeploymentPostprocessing = 0;
		};
		5E2DBEBE238275D90004F64F /* Sources */ = {
			isa = PBXSourcesBuildPhase;
			buildActionMask = 2147483647;
			files = (
				5E9509F423827ECB0057402A /* MockListEvent.swift in Sources */,
				5E950A792382A5DE0057402A /* MockAddListView.swift in Sources */,
				5E950A832382AA970057402A /* MockListViewController.swift in Sources */,
				5E950A7B2382A5F80057402A /* MockAddListEvent.swift in Sources */,
				5E950A7D2382A6110057402A /* MockAddListInteractorInput.swift in Sources */,
				5E950A882382C8780057402A /* AddListViewTests.swift in Sources */,
				5E950A4A238287320057402A /* MockCoreDataManager.swift in Sources */,
				5E950A7F2382A6290057402A /* MockAddListInteractorOutput.swift in Sources */,
				5E9509F623827EE40057402A /* MockListInteractorInput.swift in Sources */,
				5E9509F223827EAC0057402A /* MockListView.swift in Sources */,
				5E950A912382D0070057402A /* AddListInteractorTests.swift in Sources */,
				5E950A8E2382CEA70057402A /* AddListPresenterTests.swift in Sources */,
				5E950A58238293250057402A /* ListInteractorTests.swift in Sources */,
				5E950A5A238298C70057402A /* ListPresenterTests.swift in Sources */,
				5E950A812382A64B0057402A /* MockAddListRouter.swift in Sources */,
				5E9509F823827EF90057402A /* MockListInteractorOutput.swift in Sources */,
				5E9509FA23827F0D0057402A /* MockListRouter.swift in Sources */,
				5E950A5C23829BCA0057402A /* ListViewTests.swift in Sources */,
				5E950A4D238288BD0057402A /* MockPersistentContainer.swift in Sources */,
				5E2DBEC7238275D90004F64F /* TodoListTests.swift in Sources */,
				5E950A5523828B4C0057402A /* TodoTests.swift in Sources */,
			);
			runOnlyForDeploymentPostprocessing = 0;
		};
		5E2DBEC9238275D90004F64F /* Sources */ = {
			isa = PBXSourcesBuildPhase;
			buildActionMask = 2147483647;
			files = (
				5E2DBED2238275D90004F64F /* TodoListUITests.swift in Sources */,
			);
			runOnlyForDeploymentPostprocessing = 0;
		};
/* End PBXSourcesBuildPhase section */

/* Begin PBXTargetDependency section */
		5E2DBEC4238275D90004F64F /* PBXTargetDependency */ = {
			isa = PBXTargetDependency;
			target = 5E2DBEAB238275D50004F64F /* TodoList */;
			targetProxy = 5E2DBEC3238275D90004F64F /* PBXContainerItemProxy */;
		};
		5E2DBECF238275D90004F64F /* PBXTargetDependency */ = {
			isa = PBXTargetDependency;
			target = 5E2DBEAB238275D50004F64F /* TodoList */;
			targetProxy = 5E2DBECE238275D90004F64F /* PBXContainerItemProxy */;
		};
/* End PBXTargetDependency section */

/* Begin PBXVariantGroup section */
		5E2DBEBA238275D90004F64F /* LaunchScreen.storyboard */ = {
			isa = PBXVariantGroup;
			children = (
				5E2DBEBB238275D90004F64F /* Base */,
			);
			name = LaunchScreen.storyboard;
			sourceTree = "<group>";
		};
/* End PBXVariantGroup section */

/* Begin XCBuildConfiguration section */
		5E2DBED4238275D90004F64F /* Debug */ = {
			isa = XCBuildConfiguration;
			buildSettings = {
				ALWAYS_SEARCH_USER_PATHS = NO;
				CLANG_ANALYZER_NONNULL = YES;
				CLANG_ANALYZER_NUMBER_OBJECT_CONVERSION = YES_AGGRESSIVE;
				CLANG_CXX_LANGUAGE_STANDARD = "gnu++14";
				CLANG_CXX_LIBRARY = "libc++";
				CLANG_ENABLE_MODULES = YES;
				CLANG_ENABLE_OBJC_ARC = YES;
				CLANG_ENABLE_OBJC_WEAK = YES;
				CLANG_WARN_BLOCK_CAPTURE_AUTORELEASING = YES;
				CLANG_WARN_BOOL_CONVERSION = YES;
				CLANG_WARN_COMMA = YES;
				CLANG_WARN_CONSTANT_CONVERSION = YES;
				CLANG_WARN_DEPRECATED_OBJC_IMPLEMENTATIONS = YES;
				CLANG_WARN_DIRECT_OBJC_ISA_USAGE = YES_ERROR;
				CLANG_WARN_DOCUMENTATION_COMMENTS = YES;
				CLANG_WARN_EMPTY_BODY = YES;
				CLANG_WARN_ENUM_CONVERSION = YES;
				CLANG_WARN_INFINITE_RECURSION = YES;
				CLANG_WARN_INT_CONVERSION = YES;
				CLANG_WARN_NON_LITERAL_NULL_CONVERSION = YES;
				CLANG_WARN_OBJC_IMPLICIT_RETAIN_SELF = YES;
				CLANG_WARN_OBJC_LITERAL_CONVERSION = YES;
				CLANG_WARN_OBJC_ROOT_CLASS = YES_ERROR;
				CLANG_WARN_RANGE_LOOP_ANALYSIS = YES;
				CLANG_WARN_STRICT_PROTOTYPES = YES;
				CLANG_WARN_SUSPICIOUS_MOVE = YES;
				CLANG_WARN_UNGUARDED_AVAILABILITY = YES_AGGRESSIVE;
				CLANG_WARN_UNREACHABLE_CODE = YES;
				CLANG_WARN__DUPLICATE_METHOD_MATCH = YES;
				COPY_PHASE_STRIP = NO;
				DEBUG_INFORMATION_FORMAT = dwarf;
				ENABLE_STRICT_OBJC_MSGSEND = YES;
				ENABLE_TESTABILITY = YES;
				GCC_C_LANGUAGE_STANDARD = gnu11;
				GCC_DYNAMIC_NO_PIC = NO;
				GCC_NO_COMMON_BLOCKS = YES;
				GCC_OPTIMIZATION_LEVEL = 0;
				GCC_PREPROCESSOR_DEFINITIONS = (
					"DEBUG=1",
					"$(inherited)",
				);
				GCC_WARN_64_TO_32_BIT_CONVERSION = YES;
				GCC_WARN_ABOUT_RETURN_TYPE = YES_ERROR;
				GCC_WARN_UNDECLARED_SELECTOR = YES;
				GCC_WARN_UNINITIALIZED_AUTOS = YES_AGGRESSIVE;
				GCC_WARN_UNUSED_FUNCTION = YES;
				GCC_WARN_UNUSED_VARIABLE = YES;
				IPHONEOS_DEPLOYMENT_TARGET = 13.1;
				MTL_ENABLE_DEBUG_INFO = INCLUDE_SOURCE;
				MTL_FAST_MATH = YES;
				ONLY_ACTIVE_ARCH = YES;
				SDKROOT = iphoneos;
				SWIFT_ACTIVE_COMPILATION_CONDITIONS = DEBUG;
				SWIFT_OPTIMIZATION_LEVEL = "-Onone";
			};
			name = Debug;
		};
		5E2DBED5238275D90004F64F /* Release */ = {
			isa = XCBuildConfiguration;
			buildSettings = {
				ALWAYS_SEARCH_USER_PATHS = NO;
				CLANG_ANALYZER_NONNULL = YES;
				CLANG_ANALYZER_NUMBER_OBJECT_CONVERSION = YES_AGGRESSIVE;
				CLANG_CXX_LANGUAGE_STANDARD = "gnu++14";
				CLANG_CXX_LIBRARY = "libc++";
				CLANG_ENABLE_MODULES = YES;
				CLANG_ENABLE_OBJC_ARC = YES;
				CLANG_ENABLE_OBJC_WEAK = YES;
				CLANG_WARN_BLOCK_CAPTURE_AUTORELEASING = YES;
				CLANG_WARN_BOOL_CONVERSION = YES;
				CLANG_WARN_COMMA = YES;
				CLANG_WARN_CONSTANT_CONVERSION = YES;
				CLANG_WARN_DEPRECATED_OBJC_IMPLEMENTATIONS = YES;
				CLANG_WARN_DIRECT_OBJC_ISA_USAGE = YES_ERROR;
				CLANG_WARN_DOCUMENTATION_COMMENTS = YES;
				CLANG_WARN_EMPTY_BODY = YES;
				CLANG_WARN_ENUM_CONVERSION = YES;
				CLANG_WARN_INFINITE_RECURSION = YES;
				CLANG_WARN_INT_CONVERSION = YES;
				CLANG_WARN_NON_LITERAL_NULL_CONVERSION = YES;
				CLANG_WARN_OBJC_IMPLICIT_RETAIN_SELF = YES;
				CLANG_WARN_OBJC_LITERAL_CONVERSION = YES;
				CLANG_WARN_OBJC_ROOT_CLASS = YES_ERROR;
				CLANG_WARN_RANGE_LOOP_ANALYSIS = YES;
				CLANG_WARN_STRICT_PROTOTYPES = YES;
				CLANG_WARN_SUSPICIOUS_MOVE = YES;
				CLANG_WARN_UNGUARDED_AVAILABILITY = YES_AGGRESSIVE;
				CLANG_WARN_UNREACHABLE_CODE = YES;
				CLANG_WARN__DUPLICATE_METHOD_MATCH = YES;
				COPY_PHASE_STRIP = NO;
				DEBUG_INFORMATION_FORMAT = "dwarf-with-dsym";
				ENABLE_NS_ASSERTIONS = NO;
				ENABLE_STRICT_OBJC_MSGSEND = YES;
				GCC_C_LANGUAGE_STANDARD = gnu11;
				GCC_NO_COMMON_BLOCKS = YES;
				GCC_WARN_64_TO_32_BIT_CONVERSION = YES;
				GCC_WARN_ABOUT_RETURN_TYPE = YES_ERROR;
				GCC_WARN_UNDECLARED_SELECTOR = YES;
				GCC_WARN_UNINITIALIZED_AUTOS = YES_AGGRESSIVE;
				GCC_WARN_UNUSED_FUNCTION = YES;
				GCC_WARN_UNUSED_VARIABLE = YES;
				IPHONEOS_DEPLOYMENT_TARGET = 13.1;
				MTL_ENABLE_DEBUG_INFO = NO;
				MTL_FAST_MATH = YES;
				SDKROOT = iphoneos;
				SWIFT_COMPILATION_MODE = wholemodule;
				SWIFT_OPTIMIZATION_LEVEL = "-O";
				VALIDATE_PRODUCT = YES;
			};
			name = Release;
		};
		5E2DBED7238275D90004F64F /* Debug */ = {
			isa = XCBuildConfiguration;
			buildSettings = {
				ASSETCATALOG_COMPILER_APPICON_NAME = AppIcon;
				CODE_SIGN_STYLE = Automatic;
				DEVELOPMENT_TEAM = BY8P5XC76R;
				INFOPLIST_FILE = TodoList/Info.plist;
				LD_RUNPATH_SEARCH_PATHS = (
					"$(inherited)",
					"@executable_path/Frameworks",
				);
				PRODUCT_BUNDLE_IDENTIFIER = william.TodoList;
				PRODUCT_NAME = "$(TARGET_NAME)";
				SWIFT_VERSION = 5.0;
				TARGETED_DEVICE_FAMILY = "1,2";
			};
			name = Debug;
		};
		5E2DBED8238275D90004F64F /* Release */ = {
			isa = XCBuildConfiguration;
			buildSettings = {
				ASSETCATALOG_COMPILER_APPICON_NAME = AppIcon;
				CODE_SIGN_STYLE = Automatic;
				DEVELOPMENT_TEAM = BY8P5XC76R;
				INFOPLIST_FILE = TodoList/Info.plist;
				LD_RUNPATH_SEARCH_PATHS = (
					"$(inherited)",
					"@executable_path/Frameworks",
				);
				PRODUCT_BUNDLE_IDENTIFIER = william.TodoList;
				PRODUCT_NAME = "$(TARGET_NAME)";
				SWIFT_VERSION = 5.0;
				TARGETED_DEVICE_FAMILY = "1,2";
			};
			name = Release;
		};
		5E2DBEDA238275D90004F64F /* Debug */ = {
			isa = XCBuildConfiguration;
			buildSettings = {
				ALWAYS_EMBED_SWIFT_STANDARD_LIBRARIES = YES;
				BUNDLE_LOADER = "$(TEST_HOST)";
				CODE_SIGN_STYLE = Automatic;
				DEVELOPMENT_TEAM = BY8P5XC76R;
				INFOPLIST_FILE = TodoListTests/Info.plist;
				IPHONEOS_DEPLOYMENT_TARGET = 13.1;
				LD_RUNPATH_SEARCH_PATHS = (
					"$(inherited)",
					"@executable_path/Frameworks",
					"@loader_path/Frameworks",
				);
				PRODUCT_BUNDLE_IDENTIFIER = william.TodoListTests;
				PRODUCT_NAME = "$(TARGET_NAME)";
				SWIFT_VERSION = 5.0;
				TARGETED_DEVICE_FAMILY = "1,2";
				TEST_HOST = "$(BUILT_PRODUCTS_DIR)/TodoList.app/TodoList";
			};
			name = Debug;
		};
		5E2DBEDB238275D90004F64F /* Release */ = {
			isa = XCBuildConfiguration;
			buildSettings = {
				ALWAYS_EMBED_SWIFT_STANDARD_LIBRARIES = YES;
				BUNDLE_LOADER = "$(TEST_HOST)";
				CODE_SIGN_STYLE = Automatic;
				DEVELOPMENT_TEAM = BY8P5XC76R;
				INFOPLIST_FILE = TodoListTests/Info.plist;
				IPHONEOS_DEPLOYMENT_TARGET = 13.1;
				LD_RUNPATH_SEARCH_PATHS = (
					"$(inherited)",
					"@executable_path/Frameworks",
					"@loader_path/Frameworks",
				);
				PRODUCT_BUNDLE_IDENTIFIER = william.TodoListTests;
				PRODUCT_NAME = "$(TARGET_NAME)";
				SWIFT_VERSION = 5.0;
				TARGETED_DEVICE_FAMILY = "1,2";
				TEST_HOST = "$(BUILT_PRODUCTS_DIR)/TodoList.app/TodoList";
			};
			name = Release;
		};
		5E2DBEDD238275D90004F64F /* Debug */ = {
			isa = XCBuildConfiguration;
			buildSettings = {
				ALWAYS_EMBED_SWIFT_STANDARD_LIBRARIES = YES;
				CODE_SIGN_STYLE = Automatic;
				DEVELOPMENT_TEAM = BY8P5XC76R;
				INFOPLIST_FILE = TodoListUITests/Info.plist;
				LD_RUNPATH_SEARCH_PATHS = (
					"$(inherited)",
					"@executable_path/Frameworks",
					"@loader_path/Frameworks",
				);
				PRODUCT_BUNDLE_IDENTIFIER = william.TodoListUITests;
				PRODUCT_NAME = "$(TARGET_NAME)";
				SWIFT_VERSION = 5.0;
				TARGETED_DEVICE_FAMILY = "1,2";
				TEST_TARGET_NAME = TodoList;
			};
			name = Debug;
		};
		5E2DBEDE238275D90004F64F /* Release */ = {
			isa = XCBuildConfiguration;
			buildSettings = {
				ALWAYS_EMBED_SWIFT_STANDARD_LIBRARIES = YES;
				CODE_SIGN_STYLE = Automatic;
				DEVELOPMENT_TEAM = BY8P5XC76R;
				INFOPLIST_FILE = TodoListUITests/Info.plist;
				LD_RUNPATH_SEARCH_PATHS = (
					"$(inherited)",
					"@executable_path/Frameworks",
					"@loader_path/Frameworks",
				);
				PRODUCT_BUNDLE_IDENTIFIER = william.TodoListUITests;
				PRODUCT_NAME = "$(TARGET_NAME)";
				SWIFT_VERSION = 5.0;
				TARGETED_DEVICE_FAMILY = "1,2";
				TEST_TARGET_NAME = TodoList;
			};
			name = Release;
		};
/* End XCBuildConfiguration section */

/* Begin XCConfigurationList section */
		5E2DBEA7238275D50004F64F /* Build configuration list for PBXProject "TodoList" */ = {
			isa = XCConfigurationList;
			buildConfigurations = (
				5E2DBED4238275D90004F64F /* Debug */,
				5E2DBED5238275D90004F64F /* Release */,
			);
			defaultConfigurationIsVisible = 0;
			defaultConfigurationName = Release;
		};
		5E2DBED6238275D90004F64F /* Build configuration list for PBXNativeTarget "TodoList" */ = {
			isa = XCConfigurationList;
			buildConfigurations = (
				5E2DBED7238275D90004F64F /* Debug */,
				5E2DBED8238275D90004F64F /* Release */,
			);
			defaultConfigurationIsVisible = 0;
			defaultConfigurationName = Release;
		};
		5E2DBED9238275D90004F64F /* Build configuration list for PBXNativeTarget "TodoListTests" */ = {
			isa = XCConfigurationList;
			buildConfigurations = (
				5E2DBEDA238275D90004F64F /* Debug */,
				5E2DBEDB238275D90004F64F /* Release */,
			);
			defaultConfigurationIsVisible = 0;
			defaultConfigurationName = Release;
		};
		5E2DBEDC238275D90004F64F /* Build configuration list for PBXNativeTarget "TodoListUITests" */ = {
			isa = XCConfigurationList;
			buildConfigurations = (
				5E2DBEDD238275D90004F64F /* Debug */,
				5E2DBEDE238275D90004F64F /* Release */,
			);
			defaultConfigurationIsVisible = 0;
			defaultConfigurationName = Release;
		};
/* End XCConfigurationList section */

/* Begin XCVersionGroup section */
		5E950A3A238280080057402A /* TodoList.xcdatamodeld */ = {
			isa = XCVersionGroup;
			children = (
				5E950A3B238280080057402A /* TodoList.xcdatamodel */,
			);
			currentVersion = 5E950A3B238280080057402A /* TodoList.xcdatamodel */;
			path = TodoList.xcdatamodeld;
			sourceTree = "<group>";
			versionGroupType = wrapper.xcdatamodel;
		};
/* End XCVersionGroup section */
	};
	rootObject = 5E2DBEA4238275D50004F64F /* Project object */;
}
